// !$*UTF8*$!
{
	archiveVersion = 1;
	classes = {
	};
	objectVersion = 46;
	objects = {

/* Begin PBXBuildFile section */
		8444D8421957EFD900EE5832 /* SmootherView.mm in Sources */ = {isa = PBXBuildFile; fileRef = 8444D8411957EFD900EE5832 /* SmootherView.mm */; };
		8475B61919561D5A00E16190 /* main.m in Sources */ = {isa = PBXBuildFile; fileRef = 8475B61819561D5A00E16190 /* main.m */; };
		8475B61C19561D5A00E16190 /* AppDelegate.m in Sources */ = {isa = PBXBuildFile; fileRef = 8475B61B19561D5A00E16190 /* AppDelegate.m */; };
		8475B61E19561D5A00E16190 /* Images.xcassets in Resources */ = {isa = PBXBuildFile; fileRef = 8475B61D19561D5A00E16190 /* Images.xcassets */; };
		8475B62119561D5A00E16190 /* MainMenu.xib in Resources */ = {isa = PBXBuildFile; fileRef = 8475B61F19561D5A00E16190 /* MainMenu.xib */; };
		8475B62D19561D5A00E16190 /* SmootherTests.m in Sources */ = {isa = PBXBuildFile; fileRef = 8475B62C19561D5A00E16190 /* SmootherTests.m */; };
		849A8E661957F011008195C8 /* OGLSBView.mm in Sources */ = {isa = PBXBuildFile; fileRef = 849A8E651957F011008195C8 /* OGLSBView.mm */; };
		849A8E751957F206008195C8 /* libgltoolscpp.a in Frameworks */ = {isa = PBXBuildFile; fileRef = 849A8E721957F1F4008195C8 /* libgltoolscpp.a */; };
		849A8E771957F207008195C8 /* OpenGL.framework in Frameworks */ = {isa = PBXBuildFile; fileRef = 849A8E761957F207008195C8 /* OpenGL.framework */; };
		849A8E791957F20B008195C8 /* libc++.dylib in Frameworks */ = {isa = PBXBuildFile; fileRef = 849A8E781957F20B008195C8 /* libc++.dylib */; };
		849A8E7B1957F20F008195C8 /* Cocoa.framework in Frameworks */ = {isa = PBXBuildFile; fileRef = 849A8E7A1957F20F008195C8 /* Cocoa.framework */; };
/* End PBXBuildFile section */

/* Begin PBXContainerItemProxy section */
		8475B62719561D5A00E16190 /* PBXContainerItemProxy */ = {
			isa = PBXContainerItemProxy;
			containerPortal = 8475B60B19561D5A00E16190 /* Project object */;
			proxyType = 1;
			remoteGlobalIDString = 8475B61219561D5A00E16190;
			remoteInfo = Smoother;
		};
		849A8E6D1957F1F4008195C8 /* PBXContainerItemProxy */ = {
			isa = PBXContainerItemProxy;
			containerPortal = 849A8E671957F1F4008195C8 /* GLTools.xcodeproj */;
			proxyType = 2;
			remoteGlobalIDString = 845847BA193B8EC5008FFE77;
			remoteInfo = GLTools;
		};
		849A8E6F1957F1F4008195C8 /* PBXContainerItemProxy */ = {
			isa = PBXContainerItemProxy;
			containerPortal = 849A8E671957F1F4008195C8 /* GLTools.xcodeproj */;
			proxyType = 2;
			remoteGlobalIDString = 845847D1193B8EC5008FFE77;
			remoteInfo = GLToolsTests;
		};
		849A8E711957F1F4008195C8 /* PBXContainerItemProxy */ = {
			isa = PBXContainerItemProxy;
			containerPortal = 849A8E671957F1F4008195C8 /* GLTools.xcodeproj */;
			proxyType = 2;
			remoteGlobalIDString = 84C8F7C0193D67F400911378;
			remoteInfo = gltoolscpp;
		};
		849A8E731957F1F8008195C8 /* PBXContainerItemProxy */ = {
			isa = PBXContainerItemProxy;
			containerPortal = 849A8E671957F1F4008195C8 /* GLTools.xcodeproj */;
			proxyType = 1;
			remoteGlobalIDString = 84C8F7BF193D67F400911378;
			remoteInfo = gltoolscpp;
		};
/* End PBXContainerItemProxy section */

/* Begin PBXFileReference section */
		8444D7FF1957EC2200EE5832 /* Smoother.cpp */ = {isa = PBXFileReference; lastKnownFileType = sourcecode.cpp.cpp; name = Smoother.cpp; path = ../../../../../../Shared/Code/svn/oglsuperbible5/Src/Chapter03/Smoother/Smoother.cpp; sourceTree = "<group>"; };
		8444D8401957EFD900EE5832 /* SmootherView.h */ = {isa = PBXFileReference; fileEncoding = 4; lastKnownFileType = sourcecode.c.h; path = SmootherView.h; sourceTree = "<group>"; };
		8444D8411957EFD900EE5832 /* SmootherView.mm */ = {isa = PBXFileReference; fileEncoding = 4; lastKnownFileType = sourcecode.cpp.objcpp; path = SmootherView.mm; sourceTree = "<group>"; };
		8475B61319561D5A00E16190 /* Smoother.app */ = {isa = PBXFileReference; explicitFileType = wrapper.application; includeInIndex = 0; path = Smoother.app; sourceTree = BUILT_PRODUCTS_DIR; };
		8475B61719561D5A00E16190 /* Info.plist */ = {isa = PBXFileReference; lastKnownFileType = text.plist.xml; path = Info.plist; sourceTree = "<group>"; };
		8475B61819561D5A00E16190 /* main.m */ = {isa = PBXFileReference; lastKnownFileType = sourcecode.c.objc; path = main.m; sourceTree = "<group>"; };
		8475B61A19561D5A00E16190 /* AppDelegate.h */ = {isa = PBXFileReference; lastKnownFileType = sourcecode.c.h; path = AppDelegate.h; sourceTree = "<group>"; };
		8475B61B19561D5A00E16190 /* AppDelegate.m */ = {isa = PBXFileReference; lastKnownFileType = sourcecode.c.objc; path = AppDelegate.m; sourceTree = "<group>"; };
		8475B61D19561D5A00E16190 /* Images.xcassets */ = {isa = PBXFileReference; lastKnownFileType = folder.assetcatalog; path = Images.xcassets; sourceTree = "<group>"; };
		8475B62019561D5A00E16190 /* Base */ = {isa = PBXFileReference; lastKnownFileType = file.xib; name = Base; path = Base.lproj/MainMenu.xib; sourceTree = "<group>"; };
		8475B62619561D5A00E16190 /* SmootherTests.xctest */ = {isa = PBXFileReference; explicitFileType = wrapper.cfbundle; includeInIndex = 0; path = SmootherTests.xctest; sourceTree = BUILT_PRODUCTS_DIR; };
		8475B62B19561D5A00E16190 /* Info.plist */ = {isa = PBXFileReference; lastKnownFileType = text.plist.xml; path = Info.plist; sourceTree = "<group>"; };
		8475B62C19561D5A00E16190 /* SmootherTests.m */ = {isa = PBXFileReference; lastKnownFileType = sourcecode.c.objc; path = SmootherTests.m; sourceTree = "<group>"; };
		849A8E641957F011008195C8 /* OGLSBView.h */ = {isa = PBXFileReference; fileEncoding = 4; lastKnownFileType = sourcecode.c.h; path = OGLSBView.h; sourceTree = "<group>"; };
		849A8E651957F011008195C8 /* OGLSBView.mm */ = {isa = PBXFileReference; fileEncoding = 4; lastKnownFileType = sourcecode.cpp.objcpp; path = OGLSBView.mm; sourceTree = "<group>"; };
		849A8E671957F1F4008195C8 /* GLTools.xcodeproj */ = {isa = PBXFileReference; lastKnownFileType = "wrapper.pb-project"; name = GLTools.xcodeproj; path = ../../GLTools/GLTools.xcodeproj; sourceTree = "<group>"; };
		849A8E761957F207008195C8 /* OpenGL.framework */ = {isa = PBXFileReference; lastKnownFileType = wrapper.framework; name = OpenGL.framework; path = System/Library/Frameworks/OpenGL.framework; sourceTree = SDKROOT; };
		849A8E781957F20B008195C8 /* libc++.dylib */ = {isa = PBXFileReference; lastKnownFileType = "compiled.mach-o.dylib"; name = "libc++.dylib"; path = "usr/lib/libc++.dylib"; sourceTree = SDKROOT; };
		849A8E7A1957F20F008195C8 /* Cocoa.framework */ = {isa = PBXFileReference; lastKnownFileType = wrapper.framework; name = Cocoa.framework; path = System/Library/Frameworks/Cocoa.framework; sourceTree = SDKROOT; };
/* End PBXFileReference section */

/* Begin PBXFrameworksBuildPhase section */
		8475B61019561D5A00E16190 /* Frameworks */ = {
			isa = PBXFrameworksBuildPhase;
			buildActionMask = 2147483647;
			files = (
				849A8E771957F207008195C8 /* OpenGL.framework in Frameworks */,
				849A8E7B1957F20F008195C8 /* Cocoa.framework in Frameworks */,
				849A8E791957F20B008195C8 /* libc++.dylib in Frameworks */,
				849A8E751957F206008195C8 /* libgltoolscpp.a in Frameworks */,
			);
			runOnlyForDeploymentPostprocessing = 0;
		};
		8475B62319561D5A00E16190 /* Frameworks */ = {
			isa = PBXFrameworksBuildPhase;
			buildActionMask = 2147483647;
			files = (
			);
			runOnlyForDeploymentPostprocessing = 0;
		};
/* End PBXFrameworksBuildPhase section */

/* Begin PBXGroup section */
		8475B60A19561D5A00E16190 = {
			isa = PBXGroup;
			children = (
				849A8E7A1957F20F008195C8 /* Cocoa.framework */,
				849A8E781957F20B008195C8 /* libc++.dylib */,
				849A8E761957F207008195C8 /* OpenGL.framework */,
				849A8E671957F1F4008195C8 /* GLTools.xcodeproj */,
				8444D7FF1957EC2200EE5832 /* Smoother.cpp */,
				849A8E631957F011008195C8 /* Shared */,
				8475B61519561D5A00E16190 /* Smoother */,
				8475B62919561D5A00E16190 /* SmootherTests */,
				8475B61419561D5A00E16190 /* Products */,
			);
			sourceTree = "<group>";
		};
		8475B61419561D5A00E16190 /* Products */ = {
			isa = PBXGroup;
			children = (
				8475B61319561D5A00E16190 /* Smoother.app */,
				8475B62619561D5A00E16190 /* SmootherTests.xctest */,
			);
			name = Products;
			sourceTree = "<group>";
		};
		8475B61519561D5A00E16190 /* Smoother */ = {
			isa = PBXGroup;
			children = (
				8475B61A19561D5A00E16190 /* AppDelegate.h */,
				8475B61B19561D5A00E16190 /* AppDelegate.m */,
				8475B61D19561D5A00E16190 /* Images.xcassets */,
				8475B61F19561D5A00E16190 /* MainMenu.xib */,
				8475B61619561D5A00E16190 /* Supporting Files */,
				8444D8401957EFD900EE5832 /* SmootherView.h */,
				8444D8411957EFD900EE5832 /* SmootherView.mm */,
			);
			path = Smoother;
			sourceTree = "<group>";
		};
		8475B61619561D5A00E16190 /* Supporting Files */ = {
			isa = PBXGroup;
			children = (
				8475B61719561D5A00E16190 /* Info.plist */,
				8475B61819561D5A00E16190 /* main.m */,
			);
			name = "Supporting Files";
			sourceTree = "<group>";
		};
		8475B62919561D5A00E16190 /* SmootherTests */ = {
			isa = PBXGroup;
			children = (
				8475B62C19561D5A00E16190 /* SmootherTests.m */,
				8475B62A19561D5A00E16190 /* Supporting Files */,
			);
			path = SmootherTests;
			sourceTree = "<group>";
		};
		8475B62A19561D5A00E16190 /* Supporting Files */ = {
			isa = PBXGroup;
			children = (
				8475B62B19561D5A00E16190 /* Info.plist */,
			);
			name = "Supporting Files";
			sourceTree = "<group>";
		};
		849A8E631957F011008195C8 /* Shared */ = {
			isa = PBXGroup;
			children = (
				849A8E641957F011008195C8 /* OGLSBView.h */,
				849A8E651957F011008195C8 /* OGLSBView.mm */,
			);
			name = Shared;
			path = ../../Shared;
			sourceTree = "<group>";
		};
		849A8E681957F1F4008195C8 /* Products */ = {
			isa = PBXGroup;
			children = (
				849A8E6E1957F1F4008195C8 /* GLTools.framework */,
				849A8E701957F1F4008195C8 /* GLToolsTests.xctest */,
				849A8E721957F1F4008195C8 /* libgltoolscpp.a */,
			);
			name = Products;
			sourceTree = "<group>";
		};
/* End PBXGroup section */

/* Begin PBXNativeTarget section */
		8475B61219561D5A00E16190 /* Smoother */ = {
			isa = PBXNativeTarget;
			buildConfigurationList = 8475B63019561D5A00E16190 /* Build configuration list for PBXNativeTarget "Smoother" */;
			buildPhases = (
				8475B60F19561D5A00E16190 /* Sources */,
				8475B61019561D5A00E16190 /* Frameworks */,
				8475B61119561D5A00E16190 /* Resources */,
			);
			buildRules = (
			);
			dependencies = (
				849A8E741957F1F8008195C8 /* PBXTargetDependency */,
			);
			name = Smoother;
			productName = Smoother;
			productReference = 8475B61319561D5A00E16190 /* Smoother.app */;
			productType = "com.apple.product-type.application";
		};
		8475B62519561D5A00E16190 /* SmootherTests */ = {
			isa = PBXNativeTarget;
			buildConfigurationList = 8475B63319561D5A00E16190 /* Build configuration list for PBXNativeTarget "SmootherTests" */;
			buildPhases = (
				8475B62219561D5A00E16190 /* Sources */,
				8475B62319561D5A00E16190 /* Frameworks */,
				8475B62419561D5A00E16190 /* Resources */,
			);
			buildRules = (
			);
			dependencies = (
				8475B62819561D5A00E16190 /* PBXTargetDependency */,
			);
			name = SmootherTests;
			productName = SmootherTests;
			productReference = 8475B62619561D5A00E16190 /* SmootherTests.xctest */;
			productType = "com.apple.product-type.bundle.unit-test";
		};
/* End PBXNativeTarget section */

/* Begin PBXProject section */
		8475B60B19561D5A00E16190 /* Project object */ = {
			isa = PBXProject;
			attributes = {
				LastUpgradeCheck = 0600;
				ORGANIZATIONNAME = GLSuperBible;
				TargetAttributes = {
					8475B61219561D5A00E16190 = {
						CreatedOnToolsVersion = 6.0;
					};
					8475B62519561D5A00E16190 = {
						CreatedOnToolsVersion = 6.0;
						TestTargetID = 8475B61219561D5A00E16190;
					};
				};
			};
			buildConfigurationList = 8475B60E19561D5A00E16190 /* Build configuration list for PBXProject "Smoother" */;
			compatibilityVersion = "Xcode 3.2";
			developmentRegion = English;
			hasScannedForEncodings = 0;
			knownRegions = (
				en,
				Base,
			);
			mainGroup = 8475B60A19561D5A00E16190;
			productRefGroup = 8475B61419561D5A00E16190 /* Products */;
			projectDirPath = "";
			projectReferences = (
				{
					ProductGroup = 849A8E681957F1F4008195C8 /* Products */;
					ProjectRef = 849A8E671957F1F4008195C8 /* GLTools.xcodeproj */;
				},
			);
			projectRoot = "";
			targets = (
				8475B61219561D5A00E16190 /* Smoother */,
				8475B62519561D5A00E16190 /* SmootherTests */,
			);
		};
/* End PBXProject section */

/* Begin PBXReferenceProxy section */
		849A8E6E1957F1F4008195C8 /* GLTools.framework */ = {
			isa = PBXReferenceProxy;
			fileType = wrapper.framework;
			path = GLTools.framework;
			remoteRef = 849A8E6D1957F1F4008195C8 /* PBXContainerItemProxy */;
			sourceTree = BUILT_PRODUCTS_DIR;
		};
		849A8E701957F1F4008195C8 /* GLToolsTests.xctest */ = {
			isa = PBXReferenceProxy;
			fileType = wrapper.cfbundle;
			path = GLToolsTests.xctest;
			remoteRef = 849A8E6F1957F1F4008195C8 /* PBXContainerItemProxy */;
			sourceTree = BUILT_PRODUCTS_DIR;
		};
		849A8E721957F1F4008195C8 /* libgltoolscpp.a */ = {
			isa = PBXReferenceProxy;
			fileType = archive.ar;
			path = libgltoolscpp.a;
			remoteRef = 849A8E711957F1F4008195C8 /* PBXContainerItemProxy */;
			sourceTree = BUILT_PRODUCTS_DIR;
		};
/* End PBXReferenceProxy section */

/* Begin PBXResourcesBuildPhase section */
		8475B61119561D5A00E16190 /* Resources */ = {
			isa = PBXResourcesBuildPhase;
			buildActionMask = 2147483647;
			files = (
				8475B61E19561D5A00E16190 /* Images.xcassets in Resources */,
				8475B62119561D5A00E16190 /* MainMenu.xib in Resources */,
			);
			runOnlyForDeploymentPostprocessing = 0;
		};
		8475B62419561D5A00E16190 /* Resources */ = {
			isa = PBXResourcesBuildPhase;
			buildActionMask = 2147483647;
			files = (
			);
			runOnlyForDeploymentPostprocessing = 0;
		};
/* End PBXResourcesBuildPhase section */

/* Begin PBXSourcesBuildPhase section */
		8475B60F19561D5A00E16190 /* Sources */ = {
			isa = PBXSourcesBuildPhase;
			buildActionMask = 2147483647;
			files = (
				8475B61C19561D5A00E16190 /* AppDelegate.m in Sources */,
				8444D8421957EFD900EE5832 /* SmootherView.mm in Sources */,
				849A8E661957F011008195C8 /* OGLSBView.mm in Sources */,
				8475B61919561D5A00E16190 /* main.m in Sources */,
			);
			runOnlyForDeploymentPostprocessing = 0;
		};
		8475B62219561D5A00E16190 /* Sources */ = {
			isa = PBXSourcesBuildPhase;
			buildActionMask = 2147483647;
			files = (
				8475B62D19561D5A00E16190 /* SmootherTests.m in Sources */,
			);
			runOnlyForDeploymentPostprocessing = 0;
		};
/* End PBXSourcesBuildPhase section */

/* Begin PBXTargetDependency section */
		8475B62819561D5A00E16190 /* PBXTargetDependency */ = {
			isa = PBXTargetDependency;
			target = 8475B61219561D5A00E16190 /* Smoother */;
			targetProxy = 8475B62719561D5A00E16190 /* PBXContainerItemProxy */;
		};
		849A8E741957F1F8008195C8 /* PBXTargetDependency */ = {
			isa = PBXTargetDependency;
			name = gltoolscpp;
			targetProxy = 849A8E731957F1F8008195C8 /* PBXContainerItemProxy */;
		};
/* End PBXTargetDependency section */

/* Begin PBXVariantGroup section */
		8475B61F19561D5A00E16190 /* MainMenu.xib */ = {
			isa = PBXVariantGroup;
			children = (
				8475B62019561D5A00E16190 /* Base */,
			);
			name = MainMenu.xib;
			sourceTree = "<group>";
		};
/* End PBXVariantGroup section */

/* Begin XCBuildConfiguration section */
		8475B62E19561D5A00E16190 /* Debug */ = {
			isa = XCBuildConfiguration;
			buildSettings = {
				ALWAYS_SEARCH_USER_PATHS = NO;
				CLANG_CXX_LANGUAGE_STANDARD = "gnu++0x";
				CLANG_CXX_LIBRARY = "libc++";
				CLANG_ENABLE_MODULES = YES;
				CLANG_ENABLE_OBJC_ARC = YES;
				CLANG_WARN_BOOL_CONVERSION = YES;
				CLANG_WARN_CONSTANT_CONVERSION = YES;
				CLANG_WARN_DIRECT_OBJC_ISA_USAGE = YES_ERROR;
				CLANG_WARN_EMPTY_BODY = YES;
				CLANG_WARN_ENUM_CONVERSION = YES;
				CLANG_WARN_INT_CONVERSION = YES;
				CLANG_WARN_OBJC_ROOT_CLASS = YES_ERROR;
				CLANG_WARN_UNREACHABLE_CODE = YES;
				CLANG_WARN__DUPLICATE_METHOD_MATCH = YES;
				CODE_SIGN_IDENTITY = "-";
				COPY_PHASE_STRIP = NO;
				ENABLE_STRICT_OBJC_MSGSEND = YES;
				GCC_C_LANGUAGE_STANDARD = gnu99;
				GCC_DYNAMIC_NO_PIC = NO;
				GCC_OPTIMIZATION_LEVEL = 0;
				GCC_PREPROCESSOR_DEFINITIONS = (
					"DEBUG=1",
					"$(inherited)",
				);
				GCC_SYMBOLS_PRIVATE_EXTERN = NO;
				GCC_WARN_64_TO_32_BIT_CONVERSION = YES;
				GCC_WARN_ABOUT_RETURN_TYPE = YES_ERROR;
				GCC_WARN_UNDECLARED_SELECTOR = YES;
				GCC_WARN_UNINITIALIZED_AUTOS = YES_AGGRESSIVE;
				GCC_WARN_UNUSED_FUNCTION = YES;
				GCC_WARN_UNUSED_VARIABLE = YES;
				HEADER_SEARCH_PATHS = (
					"$(inherited)",
					/Applications/Xcode.app/Contents/Developer/Toolchains/XcodeDefault.xctoolchain/usr/include,
					../../GLTools/cpp/include/,
				);
				MACOSX_DEPLOYMENT_TARGET = 10.9;
				METAL_ENABLE_DEBUG_INFO = YES;
				ONLY_ACTIVE_ARCH = YES;
				SDKROOT = macosx;
			};
			name = Debug;
		};
		8475B62F19561D5A00E16190 /* Release */ = {
			isa = XCBuildConfiguration;
			buildSettings = {
				ALWAYS_SEARCH_USER_PATHS = NO;
				CLANG_CXX_LANGUAGE_STANDARD = "gnu++0x";
				CLANG_CXX_LIBRARY = "libc++";
				CLANG_ENABLE_MODULES = YES;
				CLANG_ENABLE_OBJC_ARC = YES;
				CLANG_WARN_BOOL_CONVERSION = YES;
				CLANG_WARN_CONSTANT_CONVERSION = YES;
				CLANG_WARN_DIRECT_OBJC_ISA_USAGE = YES_ERROR;
				CLANG_WARN_EMPTY_BODY = YES;
				CLANG_WARN_ENUM_CONVERSION = YES;
				CLANG_WARN_INT_CONVERSION = YES;
				CLANG_WARN_OBJC_ROOT_CLASS = YES_ERROR;
				CLANG_WARN_UNREACHABLE_CODE = YES;
				CLANG_WARN__DUPLICATE_METHOD_MATCH = YES;
				CODE_SIGN_IDENTITY = "-";
				COPY_PHASE_STRIP = YES;
				DEBUG_INFORMATION_FORMAT = "dwarf-with-dsym";
				ENABLE_NS_ASSERTIONS = NO;
				ENABLE_STRICT_OBJC_MSGSEND = YES;
				GCC_C_LANGUAGE_STANDARD = gnu99;
				GCC_WARN_64_TO_32_BIT_CONVERSION = YES;
				GCC_WARN_ABOUT_RETURN_TYPE = YES_ERROR;
				GCC_WARN_UNDECLARED_SELECTOR = YES;
				GCC_WARN_UNINITIALIZED_AUTOS = YES_AGGRESSIVE;
				GCC_WARN_UNUSED_FUNCTION = YES;
				GCC_WARN_UNUSED_VARIABLE = YES;
				HEADER_SEARCH_PATHS = (
					"$(inherited)",
					/Applications/Xcode.app/Contents/Developer/Toolchains/XcodeDefault.xctoolchain/usr/include,
					../../GLTools/cpp/include/,
				);
				MACOSX_DEPLOYMENT_TARGET = 10.9;
				METAL_ENABLE_DEBUG_INFO = NO;
				SDKROOT = macosx;
			};
			name = Release;
		};
		8475B63119561D5A00E16190 /* Debug */ = {
			isa = XCBuildConfiguration;
			buildSettings = {
				ASSETCATALOG_COMPILER_APPICON_NAME = AppIcon;
				COMBINE_HIDPI_IMAGES = YES;
				INFOPLIST_FILE = Smoother/Info.plist;
				LD_RUNPATH_SEARCH_PATHS = "$(inherited) @executable_path/../Frameworks";
				PRODUCT_NAME = "$(TARGET_NAME)";
			};
			name = Debug;
		};
		8475B63219561D5A00E16190 /* Release */ = {
			isa = XCBuildConfiguration;
			buildSettings = {
				ASSETCATALOG_COMPILER_APPICON_NAME = AppIcon;
				COMBINE_HIDPI_IMAGES = YES;
				INFOPLIST_FILE = Smoother/Info.plist;
				LD_RUNPATH_SEARCH_PATHS = "$(inherited) @executable_path/../Frameworks";
				PRODUCT_NAME = "$(TARGET_NAME)";
			};
			name = Release;
		};
		8475B63419561D5A00E16190 /* Debug */ = {
			isa = XCBuildConfiguration;
			buildSettings = {
				BUNDLE_LOADER = "$(BUILT_PRODUCTS_DIR)/Smoother.app/Contents/MacOS/Smoother";
				COMBINE_HIDPI_IMAGES = YES;
				FRAMEWORK_SEARCH_PATHS = (
					"$(DEVELOPER_FRAMEWORKS_DIR)",
					"$(inherited)",
				);
				GCC_PREPROCESSOR_DEFINITIONS = (
					"DEBUG=1",
					"$(inherited)",
				);
				INFOPLIST_FILE = SmootherTests/Info.plist;
				LD_RUNPATH_SEARCH_PATHS = "$(inherited) @executable_path/../Frameworks @loader_path/../Frameworks";
				METAL_ENABLE_DEBUG_INFO = YES;
				PRODUCT_NAME = "$(TARGET_NAME)";
				TEST_HOST = "$(BUNDLE_LOADER)";
			};
			name = Debug;
		};
		8475B63519561D5A00E16190 /* Release */ = {
			isa = XCBuildConfiguration;
			buildSettings = {
				BUNDLE_LOADER = "$(BUILT_PRODUCTS_DIR)/Smoother.app/Contents/MacOS/Smoother";
				COMBINE_HIDPI_IMAGES = YES;
				FRAMEWORK_SEARCH_PATHS = (
					"$(DEVELOPER_FRAMEWORKS_DIR)",
					"$(inherited)",
				);
				INFOPLIST_FILE = SmootherTests/Info.plist;
				LD_RUNPATH_SEARCH_PATHS = "$(inherited) @executable_path/../Frameworks @loader_path/../Frameworks";
				METAL_ENABLE_DEBUG_INFO = NO;
				PRODUCT_NAME = "$(TARGET_NAME)";
				TEST_HOST = "$(BUNDLE_LOADER)";
			};
			name = Release;
		};
/* End XCBuildConfiguration section */

/* Begin XCConfigurationList section */
		8475B60E19561D5A00E16190 /* Build configuration list for PBXProject "Smoother" */ = {
			isa = XCConfigurationList;
			buildConfigurations = (
				8475B62E19561D5A00E16190 /* Debug */,
				8475B62F19561D5A00E16190 /* Release */,
			);
			defaultConfigurationIsVisible = 0;
			defaultConfigurationName = Release;
		};
		8475B63019561D5A00E16190 /* Build configuration list for PBXNativeTarget "Smoother" */ = {
			isa = XCConfigurationList;
			buildConfigurations = (
				8475B63119561D5A00E16190 /* Debug */,
				8475B63219561D5A00E16190 /* Release */,
			);
			defaultConfigurationIsVisible = 0;
			defaultConfigurationName = Release;
		};
		8475B63319561D5A00E16190 /* Build configuration list for PBXNativeTarget "SmootherTests" */ = {
			isa = XCConfigurationList;
			buildConfigurations = (
				8475B63419561D5A00E16190 /* Debug */,
				8475B63519561D5A00E16190 /* Release */,
			);
			defaultConfigurationIsVisible = 0;
			defaultConfigurationName = Release;
		};
/* End XCConfigurationList section */
	};
	rootObject = 8475B60B19561D5A00E16190 /* Project object */;
}
