// !$*UTF8*$!
{
	archiveVersion = 1;
	classes = {
	};
	objectVersion = 46;
	objects = {

/* Begin PBXBuildFile section */
		8402F58A19594E4D00AECDC1 /* Cocoa.framework in Frameworks */ = {isa = PBXBuildFile; fileRef = 8402F58919594E4D00AECDC1 /* Cocoa.framework */; };
		8402F59419594E4D00AECDC1 /* InfoPlist.strings in Resources */ = {isa = PBXBuildFile; fileRef = 8402F59219594E4D00AECDC1 /* InfoPlist.strings */; };
		8402F59619594E4E00AECDC1 /* main.m in Sources */ = {isa = PBXBuildFile; fileRef = 8402F59519594E4E00AECDC1 /* main.m */; };
		8402F59A19594E4E00AECDC1 /* Credits.rtf in Resources */ = {isa = PBXBuildFile; fileRef = 8402F59819594E4E00AECDC1 /* Credits.rtf */; };
		8402F59D19594E4E00AECDC1 /* AppDelegate.m in Sources */ = {isa = PBXBuildFile; fileRef = 8402F59C19594E4E00AECDC1 /* AppDelegate.m */; };
		8402F5A019594E4E00AECDC1 /* MainMenu.xib in Resources */ = {isa = PBXBuildFile; fileRef = 8402F59E19594E4E00AECDC1 /* MainMenu.xib */; };
		8402F5A219594E4E00AECDC1 /* Images.xcassets in Resources */ = {isa = PBXBuildFile; fileRef = 8402F5A119594E4E00AECDC1 /* Images.xcassets */; };
		8402F5A919594E4E00AECDC1 /* XCTest.framework in Frameworks */ = {isa = PBXBuildFile; fileRef = 8402F5A819594E4E00AECDC1 /* XCTest.framework */; };
		8402F5AA19594E4E00AECDC1 /* Cocoa.framework in Frameworks */ = {isa = PBXBuildFile; fileRef = 8402F58919594E4D00AECDC1 /* Cocoa.framework */; };
		8402F5B219594E4E00AECDC1 /* InfoPlist.strings in Resources */ = {isa = PBXBuildFile; fileRef = 8402F5B019594E4E00AECDC1 /* InfoPlist.strings */; };
		8402F5B419594E4E00AECDC1 /* PerspectiveTests.m in Sources */ = {isa = PBXBuildFile; fileRef = 8402F5B319594E4E00AECDC1 /* PerspectiveTests.m */; };
		8402F5CD19594E6400AECDC1 /* OGLSBView.mm in Sources */ = {isa = PBXBuildFile; fileRef = 8402F5CC19594E6400AECDC1 /* OGLSBView.mm */; };
		8402F5D019594E7C00AECDC1 /* PerspectiveView.mm in Sources */ = {isa = PBXBuildFile; fileRef = 8402F5CF19594E7C00AECDC1 /* PerspectiveView.mm */; };
		8402F5D319594EA600AECDC1 /* libgltoolscpp.a in Frameworks */ = {isa = PBXBuildFile; fileRef = 8402F5C819594E5500AECDC1 /* libgltoolscpp.a */; };
		8402F5D519594EA600AECDC1 /* OpenGL.framework in Frameworks */ = {isa = PBXBuildFile; fileRef = 8402F5D419594EA600AECDC1 /* OpenGL.framework */; };
		8402F5D719594EAB00AECDC1 /* libc++.dylib in Frameworks */ = {isa = PBXBuildFile; fileRef = 8402F5D619594EAB00AECDC1 /* libc++.dylib */; };
/* End PBXBuildFile section */

/* Begin PBXContainerItemProxy section */
		8402F5AB19594E4E00AECDC1 /* PBXContainerItemProxy */ = {
			isa = PBXContainerItemProxy;
			containerPortal = 8402F57E19594E4D00AECDC1 /* Project object */;
			proxyType = 1;
			remoteGlobalIDString = 8402F58519594E4D00AECDC1;
			remoteInfo = Perspective;
		};
		8402F5C319594E5500AECDC1 /* PBXContainerItemProxy */ = {
			isa = PBXContainerItemProxy;
			containerPortal = 8402F5BD19594E5500AECDC1 /* GLTools.xcodeproj */;
			proxyType = 2;
			remoteGlobalIDString = 845847BA193B8EC5008FFE77;
			remoteInfo = GLTools;
		};
		8402F5C519594E5500AECDC1 /* PBXContainerItemProxy */ = {
			isa = PBXContainerItemProxy;
			containerPortal = 8402F5BD19594E5500AECDC1 /* GLTools.xcodeproj */;
			proxyType = 2;
			remoteGlobalIDString = 845847D1193B8EC5008FFE77;
			remoteInfo = GLToolsTests;
		};
		8402F5C719594E5500AECDC1 /* PBXContainerItemProxy */ = {
			isa = PBXContainerItemProxy;
			containerPortal = 8402F5BD19594E5500AECDC1 /* GLTools.xcodeproj */;
			proxyType = 2;
			remoteGlobalIDString = 84C8F7C0193D67F400911378;
			remoteInfo = gltoolscpp;
		};
		8402F5D119594E9F00AECDC1 /* PBXContainerItemProxy */ = {
			isa = PBXContainerItemProxy;
			containerPortal = 8402F5BD19594E5500AECDC1 /* GLTools.xcodeproj */;
			proxyType = 1;
			remoteGlobalIDString = 84C8F7BF193D67F400911378;
			remoteInfo = gltoolscpp;
		};
/* End PBXContainerItemProxy section */

/* Begin PBXFileReference section */
		8402F58619594E4D00AECDC1 /* Perspective.app */ = {isa = PBXFileReference; explicitFileType = wrapper.application; includeInIndex = 0; path = Perspective.app; sourceTree = BUILT_PRODUCTS_DIR; };
		8402F58919594E4D00AECDC1 /* Cocoa.framework */ = {isa = PBXFileReference; lastKnownFileType = wrapper.framework; name = Cocoa.framework; path = System/Library/Frameworks/Cocoa.framework; sourceTree = SDKROOT; };
		8402F58C19594E4D00AECDC1 /* AppKit.framework */ = {isa = PBXFileReference; lastKnownFileType = wrapper.framework; name = AppKit.framework; path = System/Library/Frameworks/AppKit.framework; sourceTree = SDKROOT; };
		8402F58D19594E4D00AECDC1 /* CoreData.framework */ = {isa = PBXFileReference; lastKnownFileType = wrapper.framework; name = CoreData.framework; path = System/Library/Frameworks/CoreData.framework; sourceTree = SDKROOT; };
		8402F58E19594E4D00AECDC1 /* Foundation.framework */ = {isa = PBXFileReference; lastKnownFileType = wrapper.framework; name = Foundation.framework; path = System/Library/Frameworks/Foundation.framework; sourceTree = SDKROOT; };
		8402F59119594E4D00AECDC1 /* Perspective-Info.plist */ = {isa = PBXFileReference; lastKnownFileType = text.plist.xml; path = "Perspective-Info.plist"; sourceTree = "<group>"; };
		8402F59319594E4D00AECDC1 /* en */ = {isa = PBXFileReference; lastKnownFileType = text.plist.strings; name = en; path = en.lproj/InfoPlist.strings; sourceTree = "<group>"; };
		8402F59519594E4E00AECDC1 /* main.m */ = {isa = PBXFileReference; lastKnownFileType = sourcecode.c.objc; path = main.m; sourceTree = "<group>"; };
		8402F59719594E4E00AECDC1 /* Perspective-Prefix.pch */ = {isa = PBXFileReference; lastKnownFileType = sourcecode.c.h; path = "Perspective-Prefix.pch"; sourceTree = "<group>"; };
		8402F59919594E4E00AECDC1 /* en */ = {isa = PBXFileReference; lastKnownFileType = text.rtf; name = en; path = en.lproj/Credits.rtf; sourceTree = "<group>"; };
		8402F59B19594E4E00AECDC1 /* AppDelegate.h */ = {isa = PBXFileReference; lastKnownFileType = sourcecode.c.h; path = AppDelegate.h; sourceTree = "<group>"; };
		8402F59C19594E4E00AECDC1 /* AppDelegate.m */ = {isa = PBXFileReference; lastKnownFileType = sourcecode.c.objc; path = AppDelegate.m; sourceTree = "<group>"; };
		8402F59F19594E4E00AECDC1 /* Base */ = {isa = PBXFileReference; lastKnownFileType = file.xib; name = Base; path = Base.lproj/MainMenu.xib; sourceTree = "<group>"; };
		8402F5A119594E4E00AECDC1 /* Images.xcassets */ = {isa = PBXFileReference; lastKnownFileType = folder.assetcatalog; path = Images.xcassets; sourceTree = "<group>"; };
		8402F5A719594E4E00AECDC1 /* PerspectiveTests.xctest */ = {isa = PBXFileReference; explicitFileType = wrapper.cfbundle; includeInIndex = 0; path = PerspectiveTests.xctest; sourceTree = BUILT_PRODUCTS_DIR; };
		8402F5A819594E4E00AECDC1 /* XCTest.framework */ = {isa = PBXFileReference; lastKnownFileType = wrapper.framework; name = XCTest.framework; path = Library/Frameworks/XCTest.framework; sourceTree = DEVELOPER_DIR; };
		8402F5AF19594E4E00AECDC1 /* PerspectiveTests-Info.plist */ = {isa = PBXFileReference; lastKnownFileType = text.plist.xml; path = "PerspectiveTests-Info.plist"; sourceTree = "<group>"; };
		8402F5B119594E4E00AECDC1 /* en */ = {isa = PBXFileReference; lastKnownFileType = text.plist.strings; name = en; path = en.lproj/InfoPlist.strings; sourceTree = "<group>"; };
		8402F5B319594E4E00AECDC1 /* PerspectiveTests.m */ = {isa = PBXFileReference; lastKnownFileType = sourcecode.c.objc; path = PerspectiveTests.m; sourceTree = "<group>"; };
		8402F5BD19594E5500AECDC1 /* GLTools.xcodeproj */ = {isa = PBXFileReference; lastKnownFileType = "wrapper.pb-project"; name = GLTools.xcodeproj; path = ../../GLTools/GLTools.xcodeproj; sourceTree = "<group>"; };
		8402F5C919594E5D00AECDC1 /* Perspective.cpp */ = {isa = PBXFileReference; lastKnownFileType = sourcecode.cpp.cpp; name = Perspective.cpp; path = ../../../../../../Shared/Code/svn/oglsuperbible5/Src/Chapter04/Perspective/Perspective.cpp; sourceTree = "<group>"; };
		8402F5CB19594E6400AECDC1 /* OGLSBView.h */ = {isa = PBXFileReference; fileEncoding = 4; lastKnownFileType = sourcecode.c.h; path = OGLSBView.h; sourceTree = "<group>"; };
		8402F5CC19594E6400AECDC1 /* OGLSBView.mm */ = {isa = PBXFileReference; fileEncoding = 4; lastKnownFileType = sourcecode.cpp.objcpp; path = OGLSBView.mm; sourceTree = "<group>"; };
		8402F5CE19594E7C00AECDC1 /* PerspectiveView.h */ = {isa = PBXFileReference; fileEncoding = 4; lastKnownFileType = sourcecode.c.h; path = PerspectiveView.h; sourceTree = "<group>"; };
		8402F5CF19594E7C00AECDC1 /* PerspectiveView.mm */ = {isa = PBXFileReference; fileEncoding = 4; lastKnownFileType = sourcecode.cpp.objcpp; path = PerspectiveView.mm; sourceTree = "<group>"; };
		8402F5D419594EA600AECDC1 /* OpenGL.framework */ = {isa = PBXFileReference; lastKnownFileType = wrapper.framework; name = OpenGL.framework; path = System/Library/Frameworks/OpenGL.framework; sourceTree = SDKROOT; };
		8402F5D619594EAB00AECDC1 /* libc++.dylib */ = {isa = PBXFileReference; lastKnownFileType = "compiled.mach-o.dylib"; name = "libc++.dylib"; path = "usr/lib/libc++.dylib"; sourceTree = SDKROOT; };
		84B0D54D1AABBF6D001C669C /* OGLSB_private.h */ = {isa = PBXFileReference; fileEncoding = 4; lastKnownFileType = sourcecode.c.h; path = OGLSB_private.h; sourceTree = "<group>"; };
/* End PBXFileReference section */

/* Begin PBXFrameworksBuildPhase section */
		8402F58319594E4D00AECDC1 /* Frameworks */ = {
			isa = PBXFrameworksBuildPhase;
			buildActionMask = 2147483647;
			files = (
				8402F5D719594EAB00AECDC1 /* libc++.dylib in Frameworks */,
				8402F5D519594EA600AECDC1 /* OpenGL.framework in Frameworks */,
				8402F5D319594EA600AECDC1 /* libgltoolscpp.a in Frameworks */,
				8402F58A19594E4D00AECDC1 /* Cocoa.framework in Frameworks */,
			);
			runOnlyForDeploymentPostprocessing = 0;
		};
		8402F5A419594E4E00AECDC1 /* Frameworks */ = {
			isa = PBXFrameworksBuildPhase;
			buildActionMask = 2147483647;
			files = (
				8402F5AA19594E4E00AECDC1 /* Cocoa.framework in Frameworks */,
				8402F5A919594E4E00AECDC1 /* XCTest.framework in Frameworks */,
			);
			runOnlyForDeploymentPostprocessing = 0;
		};
/* End PBXFrameworksBuildPhase section */

/* Begin PBXGroup section */
		8402F57D19594E4D00AECDC1 = {
			isa = PBXGroup;
			children = (
				8402F5BD19594E5500AECDC1 /* GLTools.xcodeproj */,
				8402F5C919594E5D00AECDC1 /* Perspective.cpp */,
				8402F5CA19594E6400AECDC1 /* Shared */,
				8402F58F19594E4D00AECDC1 /* Perspective */,
				8402F5AD19594E4E00AECDC1 /* PerspectiveTests */,
				8402F58819594E4D00AECDC1 /* Frameworks */,
				8402F58719594E4D00AECDC1 /* Products */,
			);
			sourceTree = "<group>";
		};
		8402F58719594E4D00AECDC1 /* Products */ = {
			isa = PBXGroup;
			children = (
				8402F58619594E4D00AECDC1 /* Perspective.app */,
				8402F5A719594E4E00AECDC1 /* PerspectiveTests.xctest */,
			);
			name = Products;
			sourceTree = "<group>";
		};
		8402F58819594E4D00AECDC1 /* Frameworks */ = {
			isa = PBXGroup;
			children = (
				8402F5D619594EAB00AECDC1 /* libc++.dylib */,
				8402F5D419594EA600AECDC1 /* OpenGL.framework */,
				8402F58919594E4D00AECDC1 /* Cocoa.framework */,
				8402F5A819594E4E00AECDC1 /* XCTest.framework */,
				8402F58B19594E4D00AECDC1 /* Other Frameworks */,
			);
			name = Frameworks;
			sourceTree = "<group>";
		};
		8402F58B19594E4D00AECDC1 /* Other Frameworks */ = {
			isa = PBXGroup;
			children = (
				8402F58C19594E4D00AECDC1 /* AppKit.framework */,
				8402F58D19594E4D00AECDC1 /* CoreData.framework */,
				8402F58E19594E4D00AECDC1 /* Foundation.framework */,
			);
			name = "Other Frameworks";
			sourceTree = "<group>";
		};
		8402F58F19594E4D00AECDC1 /* Perspective */ = {
			isa = PBXGroup;
			children = (
				8402F59B19594E4E00AECDC1 /* AppDelegate.h */,
				8402F59C19594E4E00AECDC1 /* AppDelegate.m */,
				8402F59E19594E4E00AECDC1 /* MainMenu.xib */,
				8402F5A119594E4E00AECDC1 /* Images.xcassets */,
				8402F59019594E4D00AECDC1 /* Supporting Files */,
				8402F5CE19594E7C00AECDC1 /* PerspectiveView.h */,
				8402F5CF19594E7C00AECDC1 /* PerspectiveView.mm */,
			);
			path = Perspective;
			sourceTree = "<group>";
		};
		8402F59019594E4D00AECDC1 /* Supporting Files */ = {
			isa = PBXGroup;
			children = (
				8402F59119594E4D00AECDC1 /* Perspective-Info.plist */,
				8402F59219594E4D00AECDC1 /* InfoPlist.strings */,
				8402F59519594E4E00AECDC1 /* main.m */,
				8402F59719594E4E00AECDC1 /* Perspective-Prefix.pch */,
				8402F59819594E4E00AECDC1 /* Credits.rtf */,
			);
			name = "Supporting Files";
			sourceTree = "<group>";
		};
		8402F5AD19594E4E00AECDC1 /* PerspectiveTests */ = {
			isa = PBXGroup;
			children = (
				8402F5B319594E4E00AECDC1 /* PerspectiveTests.m */,
				8402F5AE19594E4E00AECDC1 /* Supporting Files */,
			);
			path = PerspectiveTests;
			sourceTree = "<group>";
		};
		8402F5AE19594E4E00AECDC1 /* Supporting Files */ = {
			isa = PBXGroup;
			children = (
				8402F5AF19594E4E00AECDC1 /* PerspectiveTests-Info.plist */,
				8402F5B019594E4E00AECDC1 /* InfoPlist.strings */,
			);
			name = "Supporting Files";
			sourceTree = "<group>";
		};
		8402F5BE19594E5500AECDC1 /* Products */ = {
			isa = PBXGroup;
			children = (
				8402F5C419594E5500AECDC1 /* GLTools.framework */,
				8402F5C619594E5500AECDC1 /* GLToolsTests.xctest */,
				8402F5C819594E5500AECDC1 /* libgltoolscpp.a */,
			);
			name = Products;
			sourceTree = "<group>";
		};
		8402F5CA19594E6400AECDC1 /* Shared */ = {
			isa = PBXGroup;
			children = (
				84B0D54D1AABBF6D001C669C /* OGLSB_private.h */,
				8402F5CB19594E6400AECDC1 /* OGLSBView.h */,
				8402F5CC19594E6400AECDC1 /* OGLSBView.mm */,
			);
			name = Shared;
			path = ../../Shared;
			sourceTree = "<group>";
		};
/* End PBXGroup section */

/* Begin PBXNativeTarget section */
		8402F58519594E4D00AECDC1 /* Perspective */ = {
			isa = PBXNativeTarget;
			buildConfigurationList = 8402F5B719594E4E00AECDC1 /* Build configuration list for PBXNativeTarget "Perspective" */;
			buildPhases = (
				8402F58219594E4D00AECDC1 /* Sources */,
				8402F58319594E4D00AECDC1 /* Frameworks */,
				8402F58419594E4D00AECDC1 /* Resources */,
			);
			buildRules = (
			);
			dependencies = (
				8402F5D219594E9F00AECDC1 /* PBXTargetDependency */,
			);
			name = Perspective;
			productName = Perspective;
			productReference = 8402F58619594E4D00AECDC1 /* Perspective.app */;
			productType = "com.apple.product-type.application";
		};
		8402F5A619594E4E00AECDC1 /* PerspectiveTests */ = {
			isa = PBXNativeTarget;
			buildConfigurationList = 8402F5BA19594E4E00AECDC1 /* Build configuration list for PBXNativeTarget "PerspectiveTests" */;
			buildPhases = (
				8402F5A319594E4E00AECDC1 /* Sources */,
				8402F5A419594E4E00AECDC1 /* Frameworks */,
				8402F5A519594E4E00AECDC1 /* Resources */,
			);
			buildRules = (
			);
			dependencies = (
				8402F5AC19594E4E00AECDC1 /* PBXTargetDependency */,
			);
			name = PerspectiveTests;
			productName = PerspectiveTests;
			productReference = 8402F5A719594E4E00AECDC1 /* PerspectiveTests.xctest */;
			productType = "com.apple.product-type.bundle.unit-test";
		};
/* End PBXNativeTarget section */

/* Begin PBXProject section */
		8402F57E19594E4D00AECDC1 /* Project object */ = {
			isa = PBXProject;
			attributes = {
				LastUpgradeCheck = 0510;
				ORGANIZATIONNAME = GLSuperBible;
				TargetAttributes = {
					8402F5A619594E4E00AECDC1 = {
						TestTargetID = 8402F58519594E4D00AECDC1;
					};
				};
			};
			buildConfigurationList = 8402F58119594E4D00AECDC1 /* Build configuration list for PBXProject "Perspective" */;
			compatibilityVersion = "Xcode 3.2";
			developmentRegion = English;
			hasScannedForEncodings = 0;
			knownRegions = (
				en,
				Base,
			);
			mainGroup = 8402F57D19594E4D00AECDC1;
			productRefGroup = 8402F58719594E4D00AECDC1 /* Products */;
			projectDirPath = "";
			projectReferences = (
				{
					ProductGroup = 8402F5BE19594E5500AECDC1 /* Products */;
					ProjectRef = 8402F5BD19594E5500AECDC1 /* GLTools.xcodeproj */;
				},
			);
			projectRoot = "";
			targets = (
				8402F58519594E4D00AECDC1 /* Perspective */,
				8402F5A619594E4E00AECDC1 /* PerspectiveTests */,
			);
		};
/* End PBXProject section */

/* Begin PBXReferenceProxy section */
		8402F5C419594E5500AECDC1 /* GLTools.framework */ = {
			isa = PBXReferenceProxy;
			fileType = wrapper.framework;
			path = GLTools.framework;
			remoteRef = 8402F5C319594E5500AECDC1 /* PBXContainerItemProxy */;
			sourceTree = BUILT_PRODUCTS_DIR;
		};
		8402F5C619594E5500AECDC1 /* GLToolsTests.xctest */ = {
			isa = PBXReferenceProxy;
			fileType = wrapper.cfbundle;
			path = GLToolsTests.xctest;
			remoteRef = 8402F5C519594E5500AECDC1 /* PBXContainerItemProxy */;
			sourceTree = BUILT_PRODUCTS_DIR;
		};
		8402F5C819594E5500AECDC1 /* libgltoolscpp.a */ = {
			isa = PBXReferenceProxy;
			fileType = archive.ar;
			path = libgltoolscpp.a;
			remoteRef = 8402F5C719594E5500AECDC1 /* PBXContainerItemProxy */;
			sourceTree = BUILT_PRODUCTS_DIR;
		};
/* End PBXReferenceProxy section */

/* Begin PBXResourcesBuildPhase section */
		8402F58419594E4D00AECDC1 /* Resources */ = {
			isa = PBXResourcesBuildPhase;
			buildActionMask = 2147483647;
			files = (
				8402F59419594E4D00AECDC1 /* InfoPlist.strings in Resources */,
				8402F5A219594E4E00AECDC1 /* Images.xcassets in Resources */,
				8402F59A19594E4E00AECDC1 /* Credits.rtf in Resources */,
				8402F5A019594E4E00AECDC1 /* MainMenu.xib in Resources */,
			);
			runOnlyForDeploymentPostprocessing = 0;
		};
		8402F5A519594E4E00AECDC1 /* Resources */ = {
			isa = PBXResourcesBuildPhase;
			buildActionMask = 2147483647;
			files = (
				8402F5B219594E4E00AECDC1 /* InfoPlist.strings in Resources */,
			);
			runOnlyForDeploymentPostprocessing = 0;
		};
/* End PBXResourcesBuildPhase section */

/* Begin PBXSourcesBuildPhase section */
		8402F58219594E4D00AECDC1 /* Sources */ = {
			isa = PBXSourcesBuildPhase;
			buildActionMask = 2147483647;
			files = (
				8402F59D19594E4E00AECDC1 /* AppDelegate.m in Sources */,
				8402F5D019594E7C00AECDC1 /* PerspectiveView.mm in Sources */,
				8402F5CD19594E6400AECDC1 /* OGLSBView.mm in Sources */,
				8402F59619594E4E00AECDC1 /* main.m in Sources */,
			);
			runOnlyForDeploymentPostprocessing = 0;
		};
		8402F5A319594E4E00AECDC1 /* Sources */ = {
			isa = PBXSourcesBuildPhase;
			buildActionMask = 2147483647;
			files = (
				8402F5B419594E4E00AECDC1 /* PerspectiveTests.m in Sources */,
			);
			runOnlyForDeploymentPostprocessing = 0;
		};
/* End PBXSourcesBuildPhase section */

/* Begin PBXTargetDependency section */
		8402F5AC19594E4E00AECDC1 /* PBXTargetDependency */ = {
			isa = PBXTargetDependency;
			target = 8402F58519594E4D00AECDC1 /* Perspective */;
			targetProxy = 8402F5AB19594E4E00AECDC1 /* PBXContainerItemProxy */;
		};
		8402F5D219594E9F00AECDC1 /* PBXTargetDependency */ = {
			isa = PBXTargetDependency;
			name = gltoolscpp;
			targetProxy = 8402F5D119594E9F00AECDC1 /* PBXContainerItemProxy */;
		};
/* End PBXTargetDependency section */

/* Begin PBXVariantGroup section */
		8402F59219594E4D00AECDC1 /* InfoPlist.strings */ = {
			isa = PBXVariantGroup;
			children = (
				8402F59319594E4D00AECDC1 /* en */,
			);
			name = InfoPlist.strings;
			sourceTree = "<group>";
		};
		8402F59819594E4E00AECDC1 /* Credits.rtf */ = {
			isa = PBXVariantGroup;
			children = (
				8402F59919594E4E00AECDC1 /* en */,
			);
			name = Credits.rtf;
			sourceTree = "<group>";
		};
		8402F59E19594E4E00AECDC1 /* MainMenu.xib */ = {
			isa = PBXVariantGroup;
			children = (
				8402F59F19594E4E00AECDC1 /* Base */,
			);
			name = MainMenu.xib;
			sourceTree = "<group>";
		};
		8402F5B019594E4E00AECDC1 /* InfoPlist.strings */ = {
			isa = PBXVariantGroup;
			children = (
				8402F5B119594E4E00AECDC1 /* en */,
			);
			name = InfoPlist.strings;
			sourceTree = "<group>";
		};
/* End PBXVariantGroup section */

/* Begin XCBuildConfiguration section */
		8402F5B519594E4E00AECDC1 /* Debug */ = {
			isa = XCBuildConfiguration;
			buildSettings = {
				ALWAYS_SEARCH_USER_PATHS = NO;
				CLANG_CXX_LANGUAGE_STANDARD = "gnu++0x";
				CLANG_CXX_LIBRARY = "libc++";
				CLANG_ENABLE_MODULES = YES;
				CLANG_ENABLE_OBJC_ARC = YES;
				CLANG_WARN_BOOL_CONVERSION = YES;
				CLANG_WARN_CONSTANT_CONVERSION = YES;
				CLANG_WARN_DIRECT_OBJC_ISA_USAGE = YES_ERROR;
				CLANG_WARN_EMPTY_BODY = YES;
				CLANG_WARN_ENUM_CONVERSION = YES;
				CLANG_WARN_INT_CONVERSION = YES;
				CLANG_WARN_OBJC_ROOT_CLASS = YES_ERROR;
				CLANG_WARN__DUPLICATE_METHOD_MATCH = YES;
				COPY_PHASE_STRIP = NO;
				GCC_C_LANGUAGE_STANDARD = gnu99;
				GCC_DYNAMIC_NO_PIC = NO;
				GCC_ENABLE_OBJC_EXCEPTIONS = YES;
				GCC_OPTIMIZATION_LEVEL = 0;
				GCC_PREPROCESSOR_DEFINITIONS = (
					"DEBUG=1",
					"$(inherited)",
				);
				GCC_SYMBOLS_PRIVATE_EXTERN = NO;
				GCC_WARN_64_TO_32_BIT_CONVERSION = YES;
				GCC_WARN_ABOUT_RETURN_TYPE = YES_ERROR;
				GCC_WARN_UNDECLARED_SELECTOR = YES;
				GCC_WARN_UNINITIALIZED_AUTOS = YES_AGGRESSIVE;
				GCC_WARN_UNUSED_FUNCTION = YES;
				GCC_WARN_UNUSED_VARIABLE = YES;
				HEADER_SEARCH_PATHS = (
					"$(inherited)",
					/Applications/Xcode.app/Contents/Developer/Toolchains/XcodeDefault.xctoolchain/usr/include,
					../../GLTools/cpp/include/,
				);
				MACOSX_DEPLOYMENT_TARGET = 10.9;
				ONLY_ACTIVE_ARCH = YES;
				SDKROOT = macosx;
			};
			name = Debug;
		};
		8402F5B619594E4E00AECDC1 /* Release */ = {
			isa = XCBuildConfiguration;
			buildSettings = {
				ALWAYS_SEARCH_USER_PATHS = NO;
				CLANG_CXX_LANGUAGE_STANDARD = "gnu++0x";
				CLANG_CXX_LIBRARY = "libc++";
				CLANG_ENABLE_MODULES = YES;
				CLANG_ENABLE_OBJC_ARC = YES;
				CLANG_WARN_BOOL_CONVERSION = YES;
				CLANG_WARN_CONSTANT_CONVERSION = YES;
				CLANG_WARN_DIRECT_OBJC_ISA_USAGE = YES_ERROR;
				CLANG_WARN_EMPTY_BODY = YES;
				CLANG_WARN_ENUM_CONVERSION = YES;
				CLANG_WARN_INT_CONVERSION = YES;
				CLANG_WARN_OBJC_ROOT_CLASS = YES_ERROR;
				CLANG_WARN__DUPLICATE_METHOD_MATCH = YES;
				COPY_PHASE_STRIP = YES;
				DEBUG_INFORMATION_FORMAT = "dwarf-with-dsym";
				ENABLE_NS_ASSERTIONS = NO;
				GCC_C_LANGUAGE_STANDARD = gnu99;
				GCC_ENABLE_OBJC_EXCEPTIONS = YES;
				GCC_WARN_64_TO_32_BIT_CONVERSION = YES;
				GCC_WARN_ABOUT_RETURN_TYPE = YES_ERROR;
				GCC_WARN_UNDECLARED_SELECTOR = YES;
				GCC_WARN_UNINITIALIZED_AUTOS = YES_AGGRESSIVE;
				GCC_WARN_UNUSED_FUNCTION = YES;
				GCC_WARN_UNUSED_VARIABLE = YES;
				HEADER_SEARCH_PATHS = (
					"$(inherited)",
					/Applications/Xcode.app/Contents/Developer/Toolchains/XcodeDefault.xctoolchain/usr/include,
					../../GLTools/cpp/include/,
				);
				MACOSX_DEPLOYMENT_TARGET = 10.9;
				SDKROOT = macosx;
			};
			name = Release;
		};
		8402F5B819594E4E00AECDC1 /* Debug */ = {
			isa = XCBuildConfiguration;
			buildSettings = {
				ASSETCATALOG_COMPILER_APPICON_NAME = AppIcon;
				COMBINE_HIDPI_IMAGES = YES;
				GCC_PRECOMPILE_PREFIX_HEADER = YES;
				GCC_PREFIX_HEADER = "Perspective/Perspective-Prefix.pch";
				INFOPLIST_FILE = "Perspective/Perspective-Info.plist";
				PRODUCT_NAME = "$(TARGET_NAME)";
				WRAPPER_EXTENSION = app;
			};
			name = Debug;
		};
		8402F5B919594E4E00AECDC1 /* Release */ = {
			isa = XCBuildConfiguration;
			buildSettings = {
				ASSETCATALOG_COMPILER_APPICON_NAME = AppIcon;
				COMBINE_HIDPI_IMAGES = YES;
				GCC_PRECOMPILE_PREFIX_HEADER = YES;
				GCC_PREFIX_HEADER = "Perspective/Perspective-Prefix.pch";
				INFOPLIST_FILE = "Perspective/Perspective-Info.plist";
				PRODUCT_NAME = "$(TARGET_NAME)";
				WRAPPER_EXTENSION = app;
			};
			name = Release;
		};
		8402F5BB19594E4E00AECDC1 /* Debug */ = {
			isa = XCBuildConfiguration;
			buildSettings = {
				BUNDLE_LOADER = "$(BUILT_PRODUCTS_DIR)/Perspective.app/Contents/MacOS/Perspective";
				COMBINE_HIDPI_IMAGES = YES;
				FRAMEWORK_SEARCH_PATHS = (
					"$(DEVELOPER_FRAMEWORKS_DIR)",
					"$(inherited)",
				);
				GCC_PRECOMPILE_PREFIX_HEADER = YES;
				GCC_PREFIX_HEADER = "Perspective/Perspective-Prefix.pch";
				GCC_PREPROCESSOR_DEFINITIONS = (
					"DEBUG=1",
					"$(inherited)",
				);
				INFOPLIST_FILE = "PerspectiveTests/PerspectiveTests-Info.plist";
				PRODUCT_NAME = "$(TARGET_NAME)";
				TEST_HOST = "$(BUNDLE_LOADER)";
				WRAPPER_EXTENSION = xctest;
			};
			name = Debug;
		};
		8402F5BC19594E4E00AECDC1 /* Release */ = {
			isa = XCBuildConfiguration;
			buildSettings = {
				BUNDLE_LOADER = "$(BUILT_PRODUCTS_DIR)/Perspective.app/Contents/MacOS/Perspective";
				COMBINE_HIDPI_IMAGES = YES;
				FRAMEWORK_SEARCH_PATHS = (
					"$(DEVELOPER_FRAMEWORKS_DIR)",
					"$(inherited)",
				);
				GCC_PRECOMPILE_PREFIX_HEADER = YES;
				GCC_PREFIX_HEADER = "Perspective/Perspective-Prefix.pch";
				INFOPLIST_FILE = "PerspectiveTests/PerspectiveTests-Info.plist";
				PRODUCT_NAME = "$(TARGET_NAME)";
				TEST_HOST = "$(BUNDLE_LOADER)";
				WRAPPER_EXTENSION = xctest;
			};
			name = Release;
		};
/* End XCBuildConfiguration section */

/* Begin XCConfigurationList section */
		8402F58119594E4D00AECDC1 /* Build configuration list for PBXProject "Perspective" */ = {
			isa = XCConfigurationList;
			buildConfigurations = (
				8402F5B519594E4E00AECDC1 /* Debug */,
				8402F5B619594E4E00AECDC1 /* Release */,
			);
			defaultConfigurationIsVisible = 0;
			defaultConfigurationName = Release;
		};
		8402F5B719594E4E00AECDC1 /* Build configuration list for PBXNativeTarget "Perspective" */ = {
			isa = XCConfigurationList;
			buildConfigurations = (
				8402F5B819594E4E00AECDC1 /* Debug */,
				8402F5B919594E4E00AECDC1 /* Release */,
			);
			defaultConfigurationIsVisible = 0;
			defaultConfigurationName = Release;
		};
		8402F5BA19594E4E00AECDC1 /* Build configuration list for PBXNativeTarget "PerspectiveTests" */ = {
			isa = XCConfigurationList;
			buildConfigurations = (
				8402F5BB19594E4E00AECDC1 /* Debug */,
				8402F5BC19594E4E00AECDC1 /* Release */,
			);
			defaultConfigurationIsVisible = 0;
			defaultConfigurationName = Release;
		};
/* End XCConfigurationList section */
	};
	rootObject = 8402F57E19594E4D00AECDC1 /* Project object */;
}
