// !$*UTF8*$!
{
	archiveVersion = 1;
	classes = {
	};
	objectVersion = 46;
	objects = {

/* Begin PBXBuildFile section */
		8402F5E51959506100AECDC1 /* Cocoa.framework in Frameworks */ = {isa = PBXBuildFile; fileRef = 8402F5E41959506100AECDC1 /* Cocoa.framework */; };
		8402F5EF1959506100AECDC1 /* InfoPlist.strings in Resources */ = {isa = PBXBuildFile; fileRef = 8402F5ED1959506100AECDC1 /* InfoPlist.strings */; };
		8402F5F11959506100AECDC1 /* main.m in Sources */ = {isa = PBXBuildFile; fileRef = 8402F5F01959506100AECDC1 /* main.m */; };
		8402F5F51959506100AECDC1 /* Credits.rtf in Resources */ = {isa = PBXBuildFile; fileRef = 8402F5F31959506100AECDC1 /* Credits.rtf */; };
		8402F5F81959506100AECDC1 /* AppDelegate.m in Sources */ = {isa = PBXBuildFile; fileRef = 8402F5F71959506100AECDC1 /* AppDelegate.m */; };
		8402F5FB1959506100AECDC1 /* MainMenu.xib in Resources */ = {isa = PBXBuildFile; fileRef = 8402F5F91959506100AECDC1 /* MainMenu.xib */; };
		8402F5FD1959506100AECDC1 /* Images.xcassets in Resources */ = {isa = PBXBuildFile; fileRef = 8402F5FC1959506100AECDC1 /* Images.xcassets */; };
		8402F6041959506100AECDC1 /* XCTest.framework in Frameworks */ = {isa = PBXBuildFile; fileRef = 8402F6031959506100AECDC1 /* XCTest.framework */; };
		8402F6051959506100AECDC1 /* Cocoa.framework in Frameworks */ = {isa = PBXBuildFile; fileRef = 8402F5E41959506100AECDC1 /* Cocoa.framework */; };
		8402F60D1959506100AECDC1 /* InfoPlist.strings in Resources */ = {isa = PBXBuildFile; fileRef = 8402F60B1959506100AECDC1 /* InfoPlist.strings */; };
		8402F60F1959506100AECDC1 /* SphereWorld_4Tests.m in Sources */ = {isa = PBXBuildFile; fileRef = 8402F60E1959506100AECDC1 /* SphereWorld_4Tests.m */; };
		8402F61B1959506B00AECDC1 /* OGLSBView.mm in Sources */ = {isa = PBXBuildFile; fileRef = 8402F61A1959506B00AECDC1 /* OGLSBView.mm */; };
		8402F62B1959508B00AECDC1 /* SphereWorld4View.mm in Sources */ = {isa = PBXBuildFile; fileRef = 8402F62A1959508B00AECDC1 /* SphereWorld4View.mm */; };
		8402F62E195950BB00AECDC1 /* libgltoolscpp.a in Frameworks */ = {isa = PBXBuildFile; fileRef = 8402F6271959506F00AECDC1 /* libgltoolscpp.a */; };
		8402F630195950BB00AECDC1 /* OpenGL.framework in Frameworks */ = {isa = PBXBuildFile; fileRef = 8402F62F195950BB00AECDC1 /* OpenGL.framework */; };
		8402F632195950C000AECDC1 /* libc++.dylib in Frameworks */ = {isa = PBXBuildFile; fileRef = 8402F631195950C000AECDC1 /* libc++.dylib */; };
/* End PBXBuildFile section */

/* Begin PBXContainerItemProxy section */
		8402F6061959506100AECDC1 /* PBXContainerItemProxy */ = {
			isa = PBXContainerItemProxy;
			containerPortal = 8402F5D91959506100AECDC1 /* Project object */;
			proxyType = 1;
			remoteGlobalIDString = 8402F5E01959506100AECDC1;
			remoteInfo = SphereWorld_4;
		};
		8402F6221959506F00AECDC1 /* PBXContainerItemProxy */ = {
			isa = PBXContainerItemProxy;
			containerPortal = 8402F61C1959506F00AECDC1 /* GLTools.xcodeproj */;
			proxyType = 2;
			remoteGlobalIDString = 845847BA193B8EC5008FFE77;
			remoteInfo = GLTools;
		};
		8402F6241959506F00AECDC1 /* PBXContainerItemProxy */ = {
			isa = PBXContainerItemProxy;
			containerPortal = 8402F61C1959506F00AECDC1 /* GLTools.xcodeproj */;
			proxyType = 2;
			remoteGlobalIDString = 845847D1193B8EC5008FFE77;
			remoteInfo = GLToolsTests;
		};
		8402F6261959506F00AECDC1 /* PBXContainerItemProxy */ = {
			isa = PBXContainerItemProxy;
			containerPortal = 8402F61C1959506F00AECDC1 /* GLTools.xcodeproj */;
			proxyType = 2;
			remoteGlobalIDString = 84C8F7C0193D67F400911378;
			remoteInfo = gltoolscpp;
		};
		8402F62C195950B400AECDC1 /* PBXContainerItemProxy */ = {
			isa = PBXContainerItemProxy;
			containerPortal = 8402F61C1959506F00AECDC1 /* GLTools.xcodeproj */;
			proxyType = 1;
			remoteGlobalIDString = 84C8F7BF193D67F400911378;
			remoteInfo = gltoolscpp;
		};
/* End PBXContainerItemProxy section */

/* Begin PBXFileReference section */
		8402F5E11959506100AECDC1 /* SphereWorld_4.app */ = {isa = PBXFileReference; explicitFileType = wrapper.application; includeInIndex = 0; path = SphereWorld_4.app; sourceTree = BUILT_PRODUCTS_DIR; };
		8402F5E41959506100AECDC1 /* Cocoa.framework */ = {isa = PBXFileReference; lastKnownFileType = wrapper.framework; name = Cocoa.framework; path = System/Library/Frameworks/Cocoa.framework; sourceTree = SDKROOT; };
		8402F5E71959506100AECDC1 /* AppKit.framework */ = {isa = PBXFileReference; lastKnownFileType = wrapper.framework; name = AppKit.framework; path = System/Library/Frameworks/AppKit.framework; sourceTree = SDKROOT; };
		8402F5E81959506100AECDC1 /* CoreData.framework */ = {isa = PBXFileReference; lastKnownFileType = wrapper.framework; name = CoreData.framework; path = System/Library/Frameworks/CoreData.framework; sourceTree = SDKROOT; };
		8402F5E91959506100AECDC1 /* Foundation.framework */ = {isa = PBXFileReference; lastKnownFileType = wrapper.framework; name = Foundation.framework; path = System/Library/Frameworks/Foundation.framework; sourceTree = SDKROOT; };
		8402F5EC1959506100AECDC1 /* SphereWorld_4-Info.plist */ = {isa = PBXFileReference; lastKnownFileType = text.plist.xml; path = "SphereWorld_4-Info.plist"; sourceTree = "<group>"; };
		8402F5EE1959506100AECDC1 /* en */ = {isa = PBXFileReference; lastKnownFileType = text.plist.strings; name = en; path = en.lproj/InfoPlist.strings; sourceTree = "<group>"; };
		8402F5F01959506100AECDC1 /* main.m */ = {isa = PBXFileReference; lastKnownFileType = sourcecode.c.objc; path = main.m; sourceTree = "<group>"; };
		8402F5F21959506100AECDC1 /* SphereWorld_4-Prefix.pch */ = {isa = PBXFileReference; lastKnownFileType = sourcecode.c.h; path = "SphereWorld_4-Prefix.pch"; sourceTree = "<group>"; };
		8402F5F41959506100AECDC1 /* en */ = {isa = PBXFileReference; lastKnownFileType = text.rtf; name = en; path = en.lproj/Credits.rtf; sourceTree = "<group>"; };
		8402F5F61959506100AECDC1 /* AppDelegate.h */ = {isa = PBXFileReference; lastKnownFileType = sourcecode.c.h; path = AppDelegate.h; sourceTree = "<group>"; };
		8402F5F71959506100AECDC1 /* AppDelegate.m */ = {isa = PBXFileReference; lastKnownFileType = sourcecode.c.objc; path = AppDelegate.m; sourceTree = "<group>"; };
		8402F5FA1959506100AECDC1 /* Base */ = {isa = PBXFileReference; lastKnownFileType = file.xib; name = Base; path = Base.lproj/MainMenu.xib; sourceTree = "<group>"; };
		8402F5FC1959506100AECDC1 /* Images.xcassets */ = {isa = PBXFileReference; lastKnownFileType = folder.assetcatalog; path = Images.xcassets; sourceTree = "<group>"; };
		8402F6021959506100AECDC1 /* SphereWorld_4Tests.xctest */ = {isa = PBXFileReference; explicitFileType = wrapper.cfbundle; includeInIndex = 0; path = SphereWorld_4Tests.xctest; sourceTree = BUILT_PRODUCTS_DIR; };
		8402F6031959506100AECDC1 /* XCTest.framework */ = {isa = PBXFileReference; lastKnownFileType = wrapper.framework; name = XCTest.framework; path = Library/Frameworks/XCTest.framework; sourceTree = DEVELOPER_DIR; };
		8402F60A1959506100AECDC1 /* SphereWorld_4Tests-Info.plist */ = {isa = PBXFileReference; lastKnownFileType = text.plist.xml; path = "SphereWorld_4Tests-Info.plist"; sourceTree = "<group>"; };
		8402F60C1959506100AECDC1 /* en */ = {isa = PBXFileReference; lastKnownFileType = text.plist.strings; name = en; path = en.lproj/InfoPlist.strings; sourceTree = "<group>"; };
		8402F60E1959506100AECDC1 /* SphereWorld_4Tests.m */ = {isa = PBXFileReference; lastKnownFileType = sourcecode.c.objc; path = SphereWorld_4Tests.m; sourceTree = "<group>"; };
		8402F6191959506B00AECDC1 /* OGLSBView.h */ = {isa = PBXFileReference; fileEncoding = 4; lastKnownFileType = sourcecode.c.h; path = OGLSBView.h; sourceTree = "<group>"; };
		8402F61A1959506B00AECDC1 /* OGLSBView.mm */ = {isa = PBXFileReference; fileEncoding = 4; lastKnownFileType = sourcecode.cpp.objcpp; path = OGLSBView.mm; sourceTree = "<group>"; };
		8402F61C1959506F00AECDC1 /* GLTools.xcodeproj */ = {isa = PBXFileReference; lastKnownFileType = "wrapper.pb-project"; name = GLTools.xcodeproj; path = ../../GLTools/GLTools.xcodeproj; sourceTree = "<group>"; };
		8402F6281959507900AECDC1 /* SphereWorld4.cpp */ = {isa = PBXFileReference; lastKnownFileType = sourcecode.cpp.cpp; name = SphereWorld4.cpp; path = ../../../../../../Shared/Code/svn/oglsuperbible5/Src/Chapter04/SphereWorld4/SphereWorld4.cpp; sourceTree = "<group>"; };
		8402F6291959508B00AECDC1 /* SphereWorld4View.h */ = {isa = PBXFileReference; fileEncoding = 4; lastKnownFileType = sourcecode.c.h; path = SphereWorld4View.h; sourceTree = "<group>"; };
		8402F62A1959508B00AECDC1 /* SphereWorld4View.mm */ = {isa = PBXFileReference; fileEncoding = 4; lastKnownFileType = sourcecode.cpp.objcpp; path = SphereWorld4View.mm; sourceTree = "<group>"; };
		8402F62F195950BB00AECDC1 /* OpenGL.framework */ = {isa = PBXFileReference; lastKnownFileType = wrapper.framework; name = OpenGL.framework; path = System/Library/Frameworks/OpenGL.framework; sourceTree = SDKROOT; };
		8402F631195950C000AECDC1 /* libc++.dylib */ = {isa = PBXFileReference; lastKnownFileType = "compiled.mach-o.dylib"; name = "libc++.dylib"; path = "usr/lib/libc++.dylib"; sourceTree = SDKROOT; };
/* End PBXFileReference section */

/* Begin PBXFrameworksBuildPhase section */
		8402F5DE1959506100AECDC1 /* Frameworks */ = {
			isa = PBXFrameworksBuildPhase;
			buildActionMask = 2147483647;
			files = (
				8402F632195950C000AECDC1 /* libc++.dylib in Frameworks */,
				8402F630195950BB00AECDC1 /* OpenGL.framework in Frameworks */,
				8402F62E195950BB00AECDC1 /* libgltoolscpp.a in Frameworks */,
				8402F5E51959506100AECDC1 /* Cocoa.framework in Frameworks */,
			);
			runOnlyForDeploymentPostprocessing = 0;
		};
		8402F5FF1959506100AECDC1 /* Frameworks */ = {
			isa = PBXFrameworksBuildPhase;
			buildActionMask = 2147483647;
			files = (
				8402F6051959506100AECDC1 /* Cocoa.framework in Frameworks */,
				8402F6041959506100AECDC1 /* XCTest.framework in Frameworks */,
			);
			runOnlyForDeploymentPostprocessing = 0;
		};
/* End PBXFrameworksBuildPhase section */

/* Begin PBXGroup section */
		8402F5D81959506100AECDC1 = {
			isa = PBXGroup;
			children = (
				8402F61C1959506F00AECDC1 /* GLTools.xcodeproj */,
				8402F6281959507900AECDC1 /* SphereWorld4.cpp */,
				8402F6181959506B00AECDC1 /* Shared */,
				8402F5EA1959506100AECDC1 /* SphereWorld_4 */,
				8402F6081959506100AECDC1 /* SphereWorld_4Tests */,
				8402F5E31959506100AECDC1 /* Frameworks */,
				8402F5E21959506100AECDC1 /* Products */,
			);
			sourceTree = "<group>";
		};
		8402F5E21959506100AECDC1 /* Products */ = {
			isa = PBXGroup;
			children = (
				8402F5E11959506100AECDC1 /* SphereWorld_4.app */,
				8402F6021959506100AECDC1 /* SphereWorld_4Tests.xctest */,
			);
			name = Products;
			sourceTree = "<group>";
		};
		8402F5E31959506100AECDC1 /* Frameworks */ = {
			isa = PBXGroup;
			children = (
				8402F631195950C000AECDC1 /* libc++.dylib */,
				8402F62F195950BB00AECDC1 /* OpenGL.framework */,
				8402F5E41959506100AECDC1 /* Cocoa.framework */,
				8402F6031959506100AECDC1 /* XCTest.framework */,
				8402F5E61959506100AECDC1 /* Other Frameworks */,
			);
			name = Frameworks;
			sourceTree = "<group>";
		};
		8402F5E61959506100AECDC1 /* Other Frameworks */ = {
			isa = PBXGroup;
			children = (
				8402F5E71959506100AECDC1 /* AppKit.framework */,
				8402F5E81959506100AECDC1 /* CoreData.framework */,
				8402F5E91959506100AECDC1 /* Foundation.framework */,
			);
			name = "Other Frameworks";
			sourceTree = "<group>";
		};
		8402F5EA1959506100AECDC1 /* SphereWorld_4 */ = {
			isa = PBXGroup;
			children = (
				8402F5F61959506100AECDC1 /* AppDelegate.h */,
				8402F5F71959506100AECDC1 /* AppDelegate.m */,
				8402F5F91959506100AECDC1 /* MainMenu.xib */,
				8402F5FC1959506100AECDC1 /* Images.xcassets */,
				8402F5EB1959506100AECDC1 /* Supporting Files */,
				8402F6291959508B00AECDC1 /* SphereWorld4View.h */,
				8402F62A1959508B00AECDC1 /* SphereWorld4View.mm */,
			);
			path = SphereWorld_4;
			sourceTree = "<group>";
		};
		8402F5EB1959506100AECDC1 /* Supporting Files */ = {
			isa = PBXGroup;
			children = (
				8402F5EC1959506100AECDC1 /* SphereWorld_4-Info.plist */,
				8402F5ED1959506100AECDC1 /* InfoPlist.strings */,
				8402F5F01959506100AECDC1 /* main.m */,
				8402F5F21959506100AECDC1 /* SphereWorld_4-Prefix.pch */,
				8402F5F31959506100AECDC1 /* Credits.rtf */,
			);
			name = "Supporting Files";
			sourceTree = "<group>";
		};
		8402F6081959506100AECDC1 /* SphereWorld_4Tests */ = {
			isa = PBXGroup;
			children = (
				8402F60E1959506100AECDC1 /* SphereWorld_4Tests.m */,
				8402F6091959506100AECDC1 /* Supporting Files */,
			);
			path = SphereWorld_4Tests;
			sourceTree = "<group>";
		};
		8402F6091959506100AECDC1 /* Supporting Files */ = {
			isa = PBXGroup;
			children = (
				8402F60A1959506100AECDC1 /* SphereWorld_4Tests-Info.plist */,
				8402F60B1959506100AECDC1 /* InfoPlist.strings */,
			);
			name = "Supporting Files";
			sourceTree = "<group>";
		};
		8402F6181959506B00AECDC1 /* Shared */ = {
			isa = PBXGroup;
			children = (
				8402F6191959506B00AECDC1 /* OGLSBView.h */,
				8402F61A1959506B00AECDC1 /* OGLSBView.mm */,
			);
			name = Shared;
			path = ../../Shared;
			sourceTree = "<group>";
		};
		8402F61D1959506F00AECDC1 /* Products */ = {
			isa = PBXGroup;
			children = (
				8402F6231959506F00AECDC1 /* GLTools.framework */,
				8402F6251959506F00AECDC1 /* GLToolsTests.xctest */,
				8402F6271959506F00AECDC1 /* libgltoolscpp.a */,
			);
			name = Products;
			sourceTree = "<group>";
		};
/* End PBXGroup section */

/* Begin PBXNativeTarget section */
		8402F5E01959506100AECDC1 /* SphereWorld_4 */ = {
			isa = PBXNativeTarget;
			buildConfigurationList = 8402F6121959506100AECDC1 /* Build configuration list for PBXNativeTarget "SphereWorld_4" */;
			buildPhases = (
				8402F5DD1959506100AECDC1 /* Sources */,
				8402F5DE1959506100AECDC1 /* Frameworks */,
				8402F5DF1959506100AECDC1 /* Resources */,
			);
			buildRules = (
			);
			dependencies = (
				8402F62D195950B400AECDC1 /* PBXTargetDependency */,
			);
			name = SphereWorld_4;
			productName = SphereWorld_4;
			productReference = 8402F5E11959506100AECDC1 /* SphereWorld_4.app */;
			productType = "com.apple.product-type.application";
		};
		8402F6011959506100AECDC1 /* SphereWorld_4Tests */ = {
			isa = PBXNativeTarget;
			buildConfigurationList = 8402F6151959506100AECDC1 /* Build configuration list for PBXNativeTarget "SphereWorld_4Tests" */;
			buildPhases = (
				8402F5FE1959506100AECDC1 /* Sources */,
				8402F5FF1959506100AECDC1 /* Frameworks */,
				8402F6001959506100AECDC1 /* Resources */,
			);
			buildRules = (
			);
			dependencies = (
				8402F6071959506100AECDC1 /* PBXTargetDependency */,
			);
			name = SphereWorld_4Tests;
			productName = SphereWorld_4Tests;
			productReference = 8402F6021959506100AECDC1 /* SphereWorld_4Tests.xctest */;
			productType = "com.apple.product-type.bundle.unit-test";
		};
/* End PBXNativeTarget section */

/* Begin PBXProject section */
		8402F5D91959506100AECDC1 /* Project object */ = {
			isa = PBXProject;
			attributes = {
				LastUpgradeCheck = 0510;
				ORGANIZATIONNAME = GLSuperBible;
				TargetAttributes = {
					8402F6011959506100AECDC1 = {
						TestTargetID = 8402F5E01959506100AECDC1;
					};
				};
			};
			buildConfigurationList = 8402F5DC1959506100AECDC1 /* Build configuration list for PBXProject "SphereWorld_4" */;
			compatibilityVersion = "Xcode 3.2";
			developmentRegion = English;
			hasScannedForEncodings = 0;
			knownRegions = (
				en,
				Base,
			);
			mainGroup = 8402F5D81959506100AECDC1;
			productRefGroup = 8402F5E21959506100AECDC1 /* Products */;
			projectDirPath = "";
			projectReferences = (
				{
					ProductGroup = 8402F61D1959506F00AECDC1 /* Products */;
					ProjectRef = 8402F61C1959506F00AECDC1 /* GLTools.xcodeproj */;
				},
			);
			projectRoot = "";
			targets = (
				8402F5E01959506100AECDC1 /* SphereWorld_4 */,
				8402F6011959506100AECDC1 /* SphereWorld_4Tests */,
			);
		};
/* End PBXProject section */

/* Begin PBXReferenceProxy section */
		8402F6231959506F00AECDC1 /* GLTools.framework */ = {
			isa = PBXReferenceProxy;
			fileType = wrapper.framework;
			path = GLTools.framework;
			remoteRef = 8402F6221959506F00AECDC1 /* PBXContainerItemProxy */;
			sourceTree = BUILT_PRODUCTS_DIR;
		};
		8402F6251959506F00AECDC1 /* GLToolsTests.xctest */ = {
			isa = PBXReferenceProxy;
			fileType = wrapper.cfbundle;
			path = GLToolsTests.xctest;
			remoteRef = 8402F6241959506F00AECDC1 /* PBXContainerItemProxy */;
			sourceTree = BUILT_PRODUCTS_DIR;
		};
		8402F6271959506F00AECDC1 /* libgltoolscpp.a */ = {
			isa = PBXReferenceProxy;
			fileType = archive.ar;
			path = libgltoolscpp.a;
			remoteRef = 8402F6261959506F00AECDC1 /* PBXContainerItemProxy */;
			sourceTree = BUILT_PRODUCTS_DIR;
		};
/* End PBXReferenceProxy section */

/* Begin PBXResourcesBuildPhase section */
		8402F5DF1959506100AECDC1 /* Resources */ = {
			isa = PBXResourcesBuildPhase;
			buildActionMask = 2147483647;
			files = (
				8402F5EF1959506100AECDC1 /* InfoPlist.strings in Resources */,
				8402F5FD1959506100AECDC1 /* Images.xcassets in Resources */,
				8402F5F51959506100AECDC1 /* Credits.rtf in Resources */,
				8402F5FB1959506100AECDC1 /* MainMenu.xib in Resources */,
			);
			runOnlyForDeploymentPostprocessing = 0;
		};
		8402F6001959506100AECDC1 /* Resources */ = {
			isa = PBXResourcesBuildPhase;
			buildActionMask = 2147483647;
			files = (
				8402F60D1959506100AECDC1 /* InfoPlist.strings in Resources */,
			);
			runOnlyForDeploymentPostprocessing = 0;
		};
/* End PBXResourcesBuildPhase section */

/* Begin PBXSourcesBuildPhase section */
		8402F5DD1959506100AECDC1 /* Sources */ = {
			isa = PBXSourcesBuildPhase;
			buildActionMask = 2147483647;
			files = (
				8402F5F81959506100AECDC1 /* AppDelegate.m in Sources */,
				8402F61B1959506B00AECDC1 /* OGLSBView.mm in Sources */,
				8402F5F11959506100AECDC1 /* main.m in Sources */,
				8402F62B1959508B00AECDC1 /* SphereWorld4View.mm in Sources */,
			);
			runOnlyForDeploymentPostprocessing = 0;
		};
		8402F5FE1959506100AECDC1 /* Sources */ = {
			isa = PBXSourcesBuildPhase;
			buildActionMask = 2147483647;
			files = (
				8402F60F1959506100AECDC1 /* SphereWorld_4Tests.m in Sources */,
			);
			runOnlyForDeploymentPostprocessing = 0;
		};
/* End PBXSourcesBuildPhase section */

/* Begin PBXTargetDependency section */
		8402F6071959506100AECDC1 /* PBXTargetDependency */ = {
			isa = PBXTargetDependency;
			target = 8402F5E01959506100AECDC1 /* SphereWorld_4 */;
			targetProxy = 8402F6061959506100AECDC1 /* PBXContainerItemProxy */;
		};
		8402F62D195950B400AECDC1 /* PBXTargetDependency */ = {
			isa = PBXTargetDependency;
			name = gltoolscpp;
			targetProxy = 8402F62C195950B400AECDC1 /* PBXContainerItemProxy */;
		};
/* End PBXTargetDependency section */

/* Begin PBXVariantGroup section */
		8402F5ED1959506100AECDC1 /* InfoPlist.strings */ = {
			isa = PBXVariantGroup;
			children = (
				8402F5EE1959506100AECDC1 /* en */,
			);
			name = InfoPlist.strings;
			sourceTree = "<group>";
		};
		8402F5F31959506100AECDC1 /* Credits.rtf */ = {
			isa = PBXVariantGroup;
			children = (
				8402F5F41959506100AECDC1 /* en */,
			);
			name = Credits.rtf;
			sourceTree = "<group>";
		};
		8402F5F91959506100AECDC1 /* MainMenu.xib */ = {
			isa = PBXVariantGroup;
			children = (
				8402F5FA1959506100AECDC1 /* Base */,
			);
			name = MainMenu.xib;
			sourceTree = "<group>";
		};
		8402F60B1959506100AECDC1 /* InfoPlist.strings */ = {
			isa = PBXVariantGroup;
			children = (
				8402F60C1959506100AECDC1 /* en */,
			);
			name = InfoPlist.strings;
			sourceTree = "<group>";
		};
/* End PBXVariantGroup section */

/* Begin XCBuildConfiguration section */
		8402F6101959506100AECDC1 /* Debug */ = {
			isa = XCBuildConfiguration;
			buildSettings = {
				ALWAYS_SEARCH_USER_PATHS = NO;
				CLANG_CXX_LANGUAGE_STANDARD = "gnu++0x";
				CLANG_CXX_LIBRARY = "libc++";
				CLANG_ENABLE_MODULES = YES;
				CLANG_ENABLE_OBJC_ARC = YES;
				CLANG_WARN_BOOL_CONVERSION = YES;
				CLANG_WARN_CONSTANT_CONVERSION = YES;
				CLANG_WARN_DIRECT_OBJC_ISA_USAGE = YES_ERROR;
				CLANG_WARN_EMPTY_BODY = YES;
				CLANG_WARN_ENUM_CONVERSION = YES;
				CLANG_WARN_INT_CONVERSION = YES;
				CLANG_WARN_OBJC_ROOT_CLASS = YES_ERROR;
				CLANG_WARN__DUPLICATE_METHOD_MATCH = YES;
				COPY_PHASE_STRIP = NO;
				GCC_C_LANGUAGE_STANDARD = gnu99;
				GCC_DYNAMIC_NO_PIC = NO;
				GCC_ENABLE_OBJC_EXCEPTIONS = YES;
				GCC_OPTIMIZATION_LEVEL = 0;
				GCC_PREPROCESSOR_DEFINITIONS = (
					"DEBUG=1",
					"$(inherited)",
				);
				GCC_SYMBOLS_PRIVATE_EXTERN = NO;
				GCC_WARN_64_TO_32_BIT_CONVERSION = YES;
				GCC_WARN_ABOUT_RETURN_TYPE = YES_ERROR;
				GCC_WARN_UNDECLARED_SELECTOR = YES;
				GCC_WARN_UNINITIALIZED_AUTOS = YES_AGGRESSIVE;
				GCC_WARN_UNUSED_FUNCTION = YES;
				GCC_WARN_UNUSED_VARIABLE = YES;
				HEADER_SEARCH_PATHS = (
					"$(inherited)",
					/Applications/Xcode.app/Contents/Developer/Toolchains/XcodeDefault.xctoolchain/usr/include,
					../../GLTools/cpp/include/,
				);
				MACOSX_DEPLOYMENT_TARGET = 10.9;
				ONLY_ACTIVE_ARCH = YES;
				SDKROOT = macosx;
			};
			name = Debug;
		};
		8402F6111959506100AECDC1 /* Release */ = {
			isa = XCBuildConfiguration;
			buildSettings = {
				ALWAYS_SEARCH_USER_PATHS = NO;
				CLANG_CXX_LANGUAGE_STANDARD = "gnu++0x";
				CLANG_CXX_LIBRARY = "libc++";
				CLANG_ENABLE_MODULES = YES;
				CLANG_ENABLE_OBJC_ARC = YES;
				CLANG_WARN_BOOL_CONVERSION = YES;
				CLANG_WARN_CONSTANT_CONVERSION = YES;
				CLANG_WARN_DIRECT_OBJC_ISA_USAGE = YES_ERROR;
				CLANG_WARN_EMPTY_BODY = YES;
				CLANG_WARN_ENUM_CONVERSION = YES;
				CLANG_WARN_INT_CONVERSION = YES;
				CLANG_WARN_OBJC_ROOT_CLASS = YES_ERROR;
				CLANG_WARN__DUPLICATE_METHOD_MATCH = YES;
				COPY_PHASE_STRIP = YES;
				DEBUG_INFORMATION_FORMAT = "dwarf-with-dsym";
				ENABLE_NS_ASSERTIONS = NO;
				GCC_C_LANGUAGE_STANDARD = gnu99;
				GCC_ENABLE_OBJC_EXCEPTIONS = YES;
				GCC_WARN_64_TO_32_BIT_CONVERSION = YES;
				GCC_WARN_ABOUT_RETURN_TYPE = YES_ERROR;
				GCC_WARN_UNDECLARED_SELECTOR = YES;
				GCC_WARN_UNINITIALIZED_AUTOS = YES_AGGRESSIVE;
				GCC_WARN_UNUSED_FUNCTION = YES;
				GCC_WARN_UNUSED_VARIABLE = YES;
				HEADER_SEARCH_PATHS = (
					"$(inherited)",
					/Applications/Xcode.app/Contents/Developer/Toolchains/XcodeDefault.xctoolchain/usr/include,
					../../GLTools/cpp/include/,
				);
				MACOSX_DEPLOYMENT_TARGET = 10.9;
				SDKROOT = macosx;
			};
			name = Release;
		};
		8402F6131959506100AECDC1 /* Debug */ = {
			isa = XCBuildConfiguration;
			buildSettings = {
				ASSETCATALOG_COMPILER_APPICON_NAME = AppIcon;
				COMBINE_HIDPI_IMAGES = YES;
				GCC_PRECOMPILE_PREFIX_HEADER = YES;
				GCC_PREFIX_HEADER = "SphereWorld_4/SphereWorld_4-Prefix.pch";
				INFOPLIST_FILE = "SphereWorld_4/SphereWorld_4-Info.plist";
				PRODUCT_NAME = "$(TARGET_NAME)";
				WRAPPER_EXTENSION = app;
			};
			name = Debug;
		};
		8402F6141959506100AECDC1 /* Release */ = {
			isa = XCBuildConfiguration;
			buildSettings = {
				ASSETCATALOG_COMPILER_APPICON_NAME = AppIcon;
				COMBINE_HIDPI_IMAGES = YES;
				GCC_PRECOMPILE_PREFIX_HEADER = YES;
				GCC_PREFIX_HEADER = "SphereWorld_4/SphereWorld_4-Prefix.pch";
				INFOPLIST_FILE = "SphereWorld_4/SphereWorld_4-Info.plist";
				PRODUCT_NAME = "$(TARGET_NAME)";
				WRAPPER_EXTENSION = app;
			};
			name = Release;
		};
		8402F6161959506100AECDC1 /* Debug */ = {
			isa = XCBuildConfiguration;
			buildSettings = {
				BUNDLE_LOADER = "$(BUILT_PRODUCTS_DIR)/SphereWorld_4.app/Contents/MacOS/SphereWorld_4";
				COMBINE_HIDPI_IMAGES = YES;
				FRAMEWORK_SEARCH_PATHS = (
					"$(DEVELOPER_FRAMEWORKS_DIR)",
					"$(inherited)",
				);
				GCC_PRECOMPILE_PREFIX_HEADER = YES;
				GCC_PREFIX_HEADER = "SphereWorld_4/SphereWorld_4-Prefix.pch";
				GCC_PREPROCESSOR_DEFINITIONS = (
					"DEBUG=1",
					"$(inherited)",
				);
				INFOPLIST_FILE = "SphereWorld_4Tests/SphereWorld_4Tests-Info.plist";
				PRODUCT_NAME = "$(TARGET_NAME)";
				TEST_HOST = "$(BUNDLE_LOADER)";
				WRAPPER_EXTENSION = xctest;
			};
			name = Debug;
		};
		8402F6171959506100AECDC1 /* Release */ = {
			isa = XCBuildConfiguration;
			buildSettings = {
				BUNDLE_LOADER = "$(BUILT_PRODUCTS_DIR)/SphereWorld_4.app/Contents/MacOS/SphereWorld_4";
				COMBINE_HIDPI_IMAGES = YES;
				FRAMEWORK_SEARCH_PATHS = (
					"$(DEVELOPER_FRAMEWORKS_DIR)",
					"$(inherited)",
				);
				GCC_PRECOMPILE_PREFIX_HEADER = YES;
				GCC_PREFIX_HEADER = "SphereWorld_4/SphereWorld_4-Prefix.pch";
				INFOPLIST_FILE = "SphereWorld_4Tests/SphereWorld_4Tests-Info.plist";
				PRODUCT_NAME = "$(TARGET_NAME)";
				TEST_HOST = "$(BUNDLE_LOADER)";
				WRAPPER_EXTENSION = xctest;
			};
			name = Release;
		};
/* End XCBuildConfiguration section */

/* Begin XCConfigurationList section */
		8402F5DC1959506100AECDC1 /* Build configuration list for PBXProject "SphereWorld_4" */ = {
			isa = XCConfigurationList;
			buildConfigurations = (
				8402F6101959506100AECDC1 /* Debug */,
				8402F6111959506100AECDC1 /* Release */,
			);
			defaultConfigurationIsVisible = 0;
			defaultConfigurationName = Release;
		};
		8402F6121959506100AECDC1 /* Build configuration list for PBXNativeTarget "SphereWorld_4" */ = {
			isa = XCConfigurationList;
			buildConfigurations = (
				8402F6131959506100AECDC1 /* Debug */,
				8402F6141959506100AECDC1 /* Release */,
			);
			defaultConfigurationIsVisible = 0;
		};
		8402F6151959506100AECDC1 /* Build configuration list for PBXNativeTarget "SphereWorld_4Tests" */ = {
			isa = XCConfigurationList;
			buildConfigurations = (
				8402F6161959506100AECDC1 /* Debug */,
				8402F6171959506100AECDC1 /* Release */,
			);
			defaultConfigurationIsVisible = 0;
		};
/* End XCConfigurationList section */
	};
	rootObject = 8402F5D91959506100AECDC1 /* Project object */;
}
