// !$*UTF8*$!
{
	archiveVersion = 1;
	classes = {
	};
	objectVersion = 46;
	objects = {

/* Begin PBXBuildFile section */
		84584861193C5105008FFE77 /* Cocoa.framework in Frameworks */ = {isa = PBXBuildFile; fileRef = 84584860193C5105008FFE77 /* Cocoa.framework */; };
		8458486B193C5105008FFE77 /* InfoPlist.strings in Resources */ = {isa = PBXBuildFile; fileRef = 84584869193C5105008FFE77 /* InfoPlist.strings */; };
		8458486D193C5105008FFE77 /* main.m in Sources */ = {isa = PBXBuildFile; fileRef = 8458486C193C5105008FFE77 /* main.m */; };
		84584871193C5105008FFE77 /* Credits.rtf in Resources */ = {isa = PBXBuildFile; fileRef = 8458486F193C5105008FFE77 /* Credits.rtf */; };
		84584874193C5105008FFE77 /* AppDelegate.m in Sources */ = {isa = PBXBuildFile; fileRef = 84584873193C5105008FFE77 /* AppDelegate.m */; };
		84584877193C5105008FFE77 /* MainMenu.xib in Resources */ = {isa = PBXBuildFile; fileRef = 84584875193C5105008FFE77 /* MainMenu.xib */; };
		84584879193C5105008FFE77 /* Images.xcassets in Resources */ = {isa = PBXBuildFile; fileRef = 84584878193C5105008FFE77 /* Images.xcassets */; };
		84584880193C5105008FFE77 /* XCTest.framework in Frameworks */ = {isa = PBXBuildFile; fileRef = 8458487F193C5105008FFE77 /* XCTest.framework */; };
		84584881193C5105008FFE77 /* Cocoa.framework in Frameworks */ = {isa = PBXBuildFile; fileRef = 84584860193C5105008FFE77 /* Cocoa.framework */; };
		84584889193C5105008FFE77 /* InfoPlist.strings in Resources */ = {isa = PBXBuildFile; fileRef = 84584887193C5105008FFE77 /* InfoPlist.strings */; };
		8458488B193C5105008FFE77 /* TriangleTests.m in Sources */ = {isa = PBXBuildFile; fileRef = 8458488A193C5105008FFE77 /* TriangleTests.m */; };
		849B853F1955FDB7002FC87E /* OGLSBView.mm in Sources */ = {isa = PBXBuildFile; fileRef = 849B853E1955FDB7002FC87E /* OGLSBView.mm */; };
		84C8F7B3193D4C6500911378 /* Triangle.mm in Sources */ = {isa = PBXBuildFile; fileRef = 84C8F7B2193D4C6500911378 /* Triangle.mm */; };
		84C8F7F2193D6B2200911378 /* libgltoolscpp.a in Frameworks */ = {isa = PBXBuildFile; fileRef = 84C8F7F1193D6B2200911378 /* libgltoolscpp.a */; };
		84C8F7F4193D6B9F00911378 /* libstdc++.dylib in Frameworks */ = {isa = PBXBuildFile; fileRef = 84C8F7F3193D6B9F00911378 /* libstdc++.dylib */; };
/* End PBXBuildFile section */

/* Begin PBXContainerItemProxy section */
		84584882193C5105008FFE77 /* PBXContainerItemProxy */ = {
			isa = PBXContainerItemProxy;
			containerPortal = 84584855193C5105008FFE77 /* Project object */;
			proxyType = 1;
			remoteGlobalIDString = 8458485C193C5105008FFE77;
			remoteInfo = Triangle;
		};
		8458489A193C5138008FFE77 /* PBXContainerItemProxy */ = {
			isa = PBXContainerItemProxy;
			containerPortal = 84584895193C5138008FFE77 /* GLTools.xcodeproj */;
			proxyType = 2;
			remoteGlobalIDString = 845847BA193B8EC5008FFE77;
			remoteInfo = GLTools;
		};
		8458489C193C5138008FFE77 /* PBXContainerItemProxy */ = {
			isa = PBXContainerItemProxy;
			containerPortal = 84584895193C5138008FFE77 /* GLTools.xcodeproj */;
			proxyType = 2;
			remoteGlobalIDString = 845847D1193B8EC5008FFE77;
			remoteInfo = GLToolsTests;
		};
		84C1E882194AA3D200D7FF53 /* PBXContainerItemProxy */ = {
			isa = PBXContainerItemProxy;
			containerPortal = 84584895193C5138008FFE77 /* GLTools.xcodeproj */;
			proxyType = 1;
			remoteGlobalIDString = 84C8F7BF193D67F400911378;
			remoteInfo = gltoolscpp;
		};
		84C8F7F0193D6B2200911378 /* PBXContainerItemProxy */ = {
			isa = PBXContainerItemProxy;
			containerPortal = 84584895193C5138008FFE77 /* GLTools.xcodeproj */;
			proxyType = 2;
			remoteGlobalIDString = 84C8F7C0193D67F400911378;
			remoteInfo = gltoolscpp;
		};
/* End PBXContainerItemProxy section */

/* Begin PBXFileReference section */
		8458485D193C5105008FFE77 /* Triangle.app */ = {isa = PBXFileReference; explicitFileType = wrapper.application; includeInIndex = 0; path = Triangle.app; sourceTree = BUILT_PRODUCTS_DIR; };
		84584860193C5105008FFE77 /* Cocoa.framework */ = {isa = PBXFileReference; lastKnownFileType = wrapper.framework; name = Cocoa.framework; path = System/Library/Frameworks/Cocoa.framework; sourceTree = SDKROOT; };
		84584863193C5105008FFE77 /* AppKit.framework */ = {isa = PBXFileReference; lastKnownFileType = wrapper.framework; name = AppKit.framework; path = System/Library/Frameworks/AppKit.framework; sourceTree = SDKROOT; };
		84584864193C5105008FFE77 /* CoreData.framework */ = {isa = PBXFileReference; lastKnownFileType = wrapper.framework; name = CoreData.framework; path = System/Library/Frameworks/CoreData.framework; sourceTree = SDKROOT; };
		84584865193C5105008FFE77 /* Foundation.framework */ = {isa = PBXFileReference; lastKnownFileType = wrapper.framework; name = Foundation.framework; path = System/Library/Frameworks/Foundation.framework; sourceTree = SDKROOT; };
		84584868193C5105008FFE77 /* Triangle-Info.plist */ = {isa = PBXFileReference; lastKnownFileType = text.plist.xml; path = "Triangle-Info.plist"; sourceTree = "<group>"; };
		8458486A193C5105008FFE77 /* en */ = {isa = PBXFileReference; lastKnownFileType = text.plist.strings; name = en; path = en.lproj/InfoPlist.strings; sourceTree = "<group>"; };
		8458486C193C5105008FFE77 /* main.m */ = {isa = PBXFileReference; lastKnownFileType = sourcecode.c.objc; path = main.m; sourceTree = "<group>"; };
		8458486E193C5105008FFE77 /* Triangle-Prefix.pch */ = {isa = PBXFileReference; lastKnownFileType = sourcecode.c.h; path = "Triangle-Prefix.pch"; sourceTree = "<group>"; };
		84584870193C5105008FFE77 /* en */ = {isa = PBXFileReference; lastKnownFileType = text.rtf; name = en; path = en.lproj/Credits.rtf; sourceTree = "<group>"; };
		84584872193C5105008FFE77 /* AppDelegate.h */ = {isa = PBXFileReference; lastKnownFileType = sourcecode.c.h; path = AppDelegate.h; sourceTree = "<group>"; };
		84584873193C5105008FFE77 /* AppDelegate.m */ = {isa = PBXFileReference; lastKnownFileType = sourcecode.c.objc; path = AppDelegate.m; sourceTree = "<group>"; };
		84584876193C5105008FFE77 /* Base */ = {isa = PBXFileReference; lastKnownFileType = file.xib; name = Base; path = Base.lproj/MainMenu.xib; sourceTree = "<group>"; };
		84584878193C5105008FFE77 /* Images.xcassets */ = {isa = PBXFileReference; lastKnownFileType = folder.assetcatalog; path = Images.xcassets; sourceTree = "<group>"; };
		8458487E193C5105008FFE77 /* TriangleTests.xctest */ = {isa = PBXFileReference; explicitFileType = wrapper.cfbundle; includeInIndex = 0; path = TriangleTests.xctest; sourceTree = BUILT_PRODUCTS_DIR; };
		8458487F193C5105008FFE77 /* XCTest.framework */ = {isa = PBXFileReference; lastKnownFileType = wrapper.framework; name = XCTest.framework; path = Library/Frameworks/XCTest.framework; sourceTree = DEVELOPER_DIR; };
		84584886193C5105008FFE77 /* TriangleTests-Info.plist */ = {isa = PBXFileReference; lastKnownFileType = text.plist.xml; path = "TriangleTests-Info.plist"; sourceTree = "<group>"; };
		84584888193C5105008FFE77 /* en */ = {isa = PBXFileReference; lastKnownFileType = text.plist.strings; name = en; path = en.lproj/InfoPlist.strings; sourceTree = "<group>"; };
		8458488A193C5105008FFE77 /* TriangleTests.m */ = {isa = PBXFileReference; lastKnownFileType = sourcecode.c.objc; path = TriangleTests.m; sourceTree = "<group>"; };
		84584895193C5138008FFE77 /* GLTools.xcodeproj */ = {isa = PBXFileReference; lastKnownFileType = "wrapper.pb-project"; name = GLTools.xcodeproj; path = ../../GLTools/GLTools.xcodeproj; sourceTree = "<group>"; };
		849B853D1955FDB7002FC87E /* OGLSBView.h */ = {isa = PBXFileReference; fileEncoding = 4; lastKnownFileType = sourcecode.c.h; path = OGLSBView.h; sourceTree = "<group>"; };
		849B853E1955FDB7002FC87E /* OGLSBView.mm */ = {isa = PBXFileReference; fileEncoding = 4; lastKnownFileType = sourcecode.cpp.objcpp; path = OGLSBView.mm; sourceTree = "<group>"; };
		84C1E89C194AB4E100D7FF53 /* Triangle.cpp */ = {isa = PBXFileReference; lastKnownFileType = sourcecode.cpp.cpp; path = Triangle.cpp; sourceTree = "<group>"; };
		84C8F7B1193D4C6500911378 /* Triangle.h */ = {isa = PBXFileReference; fileEncoding = 4; lastKnownFileType = sourcecode.c.h; path = Triangle.h; sourceTree = "<group>"; };
		84C8F7B2193D4C6500911378 /* Triangle.mm */ = {isa = PBXFileReference; fileEncoding = 4; lastKnownFileType = sourcecode.cpp.objcpp; path = Triangle.mm; sourceTree = "<group>"; };
		84C8F7F3193D6B9F00911378 /* libstdc++.dylib */ = {isa = PBXFileReference; lastKnownFileType = "compiled.mach-o.dylib"; name = "libstdc++.dylib"; path = "usr/lib/libstdc++.dylib"; sourceTree = SDKROOT; };
/* End PBXFileReference section */

/* Begin PBXFrameworksBuildPhase section */
		8458485A193C5105008FFE77 /* Frameworks */ = {
			isa = PBXFrameworksBuildPhase;
			buildActionMask = 2147483647;
			files = (
				84C8F7F4193D6B9F00911378 /* libstdc++.dylib in Frameworks */,
				84C8F7F2193D6B2200911378 /* libgltoolscpp.a in Frameworks */,
				84584861193C5105008FFE77 /* Cocoa.framework in Frameworks */,
			);
			runOnlyForDeploymentPostprocessing = 0;
		};
		8458487B193C5105008FFE77 /* Frameworks */ = {
			isa = PBXFrameworksBuildPhase;
			buildActionMask = 2147483647;
			files = (
				84584881193C5105008FFE77 /* Cocoa.framework in Frameworks */,
				84584880193C5105008FFE77 /* XCTest.framework in Frameworks */,
			);
			runOnlyForDeploymentPostprocessing = 0;
		};
/* End PBXFrameworksBuildPhase section */

/* Begin PBXGroup section */
		84584854193C5105008FFE77 = {
			isa = PBXGroup;
			children = (
				849B853C1955FDB7002FC87E /* Shared */,
				84C1E89B194AB4D200D7FF53 /* original */,
				84584866193C5105008FFE77 /* Triangle */,
				84584884193C5105008FFE77 /* TriangleTests */,
				8458485F193C5105008FFE77 /* Frameworks */,
				8458485E193C5105008FFE77 /* Products */,
				84584895193C5138008FFE77 /* GLTools.xcodeproj */,
			);
			sourceTree = "<group>";
		};
		8458485E193C5105008FFE77 /* Products */ = {
			isa = PBXGroup;
			children = (
				8458485D193C5105008FFE77 /* Triangle.app */,
				8458487E193C5105008FFE77 /* TriangleTests.xctest */,
			);
			name = Products;
			sourceTree = "<group>";
		};
		8458485F193C5105008FFE77 /* Frameworks */ = {
			isa = PBXGroup;
			children = (
				84C8F7F3193D6B9F00911378 /* libstdc++.dylib */,
				84584860193C5105008FFE77 /* Cocoa.framework */,
				8458487F193C5105008FFE77 /* XCTest.framework */,
				84584862193C5105008FFE77 /* Other Frameworks */,
			);
			name = Frameworks;
			sourceTree = "<group>";
		};
		84584862193C5105008FFE77 /* Other Frameworks */ = {
			isa = PBXGroup;
			children = (
				84584863193C5105008FFE77 /* AppKit.framework */,
				84584864193C5105008FFE77 /* CoreData.framework */,
				84584865193C5105008FFE77 /* Foundation.framework */,
			);
			name = "Other Frameworks";
			sourceTree = "<group>";
		};
		84584866193C5105008FFE77 /* Triangle */ = {
			isa = PBXGroup;
			children = (
				84584872193C5105008FFE77 /* AppDelegate.h */,
				84584873193C5105008FFE77 /* AppDelegate.m */,
				84584875193C5105008FFE77 /* MainMenu.xib */,
				84584878193C5105008FFE77 /* Images.xcassets */,
				84584867193C5105008FFE77 /* Supporting Files */,
				84C8F7B1193D4C6500911378 /* Triangle.h */,
				84C8F7B2193D4C6500911378 /* Triangle.mm */,
			);
			path = Triangle;
			sourceTree = "<group>";
		};
		84584867193C5105008FFE77 /* Supporting Files */ = {
			isa = PBXGroup;
			children = (
				84584868193C5105008FFE77 /* Triangle-Info.plist */,
				84584869193C5105008FFE77 /* InfoPlist.strings */,
				8458486C193C5105008FFE77 /* main.m */,
				8458486E193C5105008FFE77 /* Triangle-Prefix.pch */,
				8458486F193C5105008FFE77 /* Credits.rtf */,
			);
			name = "Supporting Files";
			sourceTree = "<group>";
		};
		84584884193C5105008FFE77 /* TriangleTests */ = {
			isa = PBXGroup;
			children = (
				8458488A193C5105008FFE77 /* TriangleTests.m */,
				84584885193C5105008FFE77 /* Supporting Files */,
			);
			path = TriangleTests;
			sourceTree = "<group>";
		};
		84584885193C5105008FFE77 /* Supporting Files */ = {
			isa = PBXGroup;
			children = (
				84584886193C5105008FFE77 /* TriangleTests-Info.plist */,
				84584887193C5105008FFE77 /* InfoPlist.strings */,
			);
			name = "Supporting Files";
			sourceTree = "<group>";
		};
		84584896193C5138008FFE77 /* Products */ = {
			isa = PBXGroup;
			children = (
				8458489B193C5138008FFE77 /* GLTools.framework */,
				8458489D193C5138008FFE77 /* GLToolsTests.xctest */,
				84C8F7F1193D6B2200911378 /* libgltoolscpp.a */,
			);
			name = Products;
			sourceTree = "<group>";
		};
		849B853C1955FDB7002FC87E /* Shared */ = {
			isa = PBXGroup;
			children = (
				849B853D1955FDB7002FC87E /* OGLSBView.h */,
				849B853E1955FDB7002FC87E /* OGLSBView.mm */,
			);
			name = Shared;
			path = ../../Shared;
			sourceTree = "<group>";
		};
		84C1E89B194AB4D200D7FF53 /* original */ = {
			isa = PBXGroup;
			children = (
				84C1E89C194AB4E100D7FF53 /* Triangle.cpp */,
			);
			name = original;
			sourceTree = "<group>";
		};
/* End PBXGroup section */

/* Begin PBXNativeTarget section */
		8458485C193C5105008FFE77 /* Triangle */ = {
			isa = PBXNativeTarget;
			buildConfigurationList = 8458488E193C5105008FFE77 /* Build configuration list for PBXNativeTarget "Triangle" */;
			buildPhases = (
				84584859193C5105008FFE77 /* Sources */,
				8458485A193C5105008FFE77 /* Frameworks */,
				8458485B193C5105008FFE77 /* Resources */,
			);
			buildRules = (
			);
			dependencies = (
				84C1E883194AA3D200D7FF53 /* PBXTargetDependency */,
			);
			name = Triangle;
			productName = Triangle;
			productReference = 8458485D193C5105008FFE77 /* Triangle.app */;
			productType = "com.apple.product-type.application";
		};
		8458487D193C5105008FFE77 /* TriangleTests */ = {
			isa = PBXNativeTarget;
			buildConfigurationList = 84584891193C5105008FFE77 /* Build configuration list for PBXNativeTarget "TriangleTests" */;
			buildPhases = (
				8458487A193C5105008FFE77 /* Sources */,
				8458487B193C5105008FFE77 /* Frameworks */,
				8458487C193C5105008FFE77 /* Resources */,
			);
			buildRules = (
			);
			dependencies = (
				84584883193C5105008FFE77 /* PBXTargetDependency */,
			);
			name = TriangleTests;
			productName = TriangleTests;
			productReference = 8458487E193C5105008FFE77 /* TriangleTests.xctest */;
			productType = "com.apple.product-type.bundle.unit-test";
		};
/* End PBXNativeTarget section */

/* Begin PBXProject section */
		84584855193C5105008FFE77 /* Project object */ = {
			isa = PBXProject;
			attributes = {
				LastUpgradeCheck = 0510;
				ORGANIZATIONNAME = "Lichen Labs";
				TargetAttributes = {
					8458487D193C5105008FFE77 = {
						TestTargetID = 8458485C193C5105008FFE77;
					};
				};
			};
			buildConfigurationList = 84584858193C5105008FFE77 /* Build configuration list for PBXProject "Triangle" */;
			compatibilityVersion = "Xcode 3.2";
			developmentRegion = English;
			hasScannedForEncodings = 0;
			knownRegions = (
				en,
				Base,
			);
			mainGroup = 84584854193C5105008FFE77;
			productRefGroup = 8458485E193C5105008FFE77 /* Products */;
			projectDirPath = "";
			projectReferences = (
				{
					ProductGroup = 84584896193C5138008FFE77 /* Products */;
					ProjectRef = 84584895193C5138008FFE77 /* GLTools.xcodeproj */;
				},
			);
			projectRoot = "";
			targets = (
				8458485C193C5105008FFE77 /* Triangle */,
				8458487D193C5105008FFE77 /* TriangleTests */,
			);
		};
/* End PBXProject section */

/* Begin PBXReferenceProxy section */
		8458489B193C5138008FFE77 /* GLTools.framework */ = {
			isa = PBXReferenceProxy;
			fileType = wrapper.framework;
			path = GLTools.framework;
			remoteRef = 8458489A193C5138008FFE77 /* PBXContainerItemProxy */;
			sourceTree = BUILT_PRODUCTS_DIR;
		};
		8458489D193C5138008FFE77 /* GLToolsTests.xctest */ = {
			isa = PBXReferenceProxy;
			fileType = wrapper.cfbundle;
			path = GLToolsTests.xctest;
			remoteRef = 8458489C193C5138008FFE77 /* PBXContainerItemProxy */;
			sourceTree = BUILT_PRODUCTS_DIR;
		};
		84C8F7F1193D6B2200911378 /* libgltoolscpp.a */ = {
			isa = PBXReferenceProxy;
			fileType = archive.ar;
			path = libgltoolscpp.a;
			remoteRef = 84C8F7F0193D6B2200911378 /* PBXContainerItemProxy */;
			sourceTree = BUILT_PRODUCTS_DIR;
		};
/* End PBXReferenceProxy section */

/* Begin PBXResourcesBuildPhase section */
		8458485B193C5105008FFE77 /* Resources */ = {
			isa = PBXResourcesBuildPhase;
			buildActionMask = 2147483647;
			files = (
				8458486B193C5105008FFE77 /* InfoPlist.strings in Resources */,
				84584879193C5105008FFE77 /* Images.xcassets in Resources */,
				84584871193C5105008FFE77 /* Credits.rtf in Resources */,
				84584877193C5105008FFE77 /* MainMenu.xib in Resources */,
			);
			runOnlyForDeploymentPostprocessing = 0;
		};
		8458487C193C5105008FFE77 /* Resources */ = {
			isa = PBXResourcesBuildPhase;
			buildActionMask = 2147483647;
			files = (
				84584889193C5105008FFE77 /* InfoPlist.strings in Resources */,
			);
			runOnlyForDeploymentPostprocessing = 0;
		};
/* End PBXResourcesBuildPhase section */

/* Begin PBXSourcesBuildPhase section */
		84584859193C5105008FFE77 /* Sources */ = {
			isa = PBXSourcesBuildPhase;
			buildActionMask = 2147483647;
			files = (
				849B853F1955FDB7002FC87E /* OGLSBView.mm in Sources */,
				84584874193C5105008FFE77 /* AppDelegate.m in Sources */,
				8458486D193C5105008FFE77 /* main.m in Sources */,
				84C8F7B3193D4C6500911378 /* Triangle.mm in Sources */,
			);
			runOnlyForDeploymentPostprocessing = 0;
		};
		8458487A193C5105008FFE77 /* Sources */ = {
			isa = PBXSourcesBuildPhase;
			buildActionMask = 2147483647;
			files = (
				8458488B193C5105008FFE77 /* TriangleTests.m in Sources */,
			);
			runOnlyForDeploymentPostprocessing = 0;
		};
/* End PBXSourcesBuildPhase section */

/* Begin PBXTargetDependency section */
		84584883193C5105008FFE77 /* PBXTargetDependency */ = {
			isa = PBXTargetDependency;
			target = 8458485C193C5105008FFE77 /* Triangle */;
			targetProxy = 84584882193C5105008FFE77 /* PBXContainerItemProxy */;
		};
		84C1E883194AA3D200D7FF53 /* PBXTargetDependency */ = {
			isa = PBXTargetDependency;
			name = gltoolscpp;
			targetProxy = 84C1E882194AA3D200D7FF53 /* PBXContainerItemProxy */;
		};
/* End PBXTargetDependency section */

/* Begin PBXVariantGroup section */
		84584869193C5105008FFE77 /* InfoPlist.strings */ = {
			isa = PBXVariantGroup;
			children = (
				8458486A193C5105008FFE77 /* en */,
			);
			name = InfoPlist.strings;
			sourceTree = "<group>";
		};
		8458486F193C5105008FFE77 /* Credits.rtf */ = {
			isa = PBXVariantGroup;
			children = (
				84584870193C5105008FFE77 /* en */,
			);
			name = Credits.rtf;
			sourceTree = "<group>";
		};
		84584875193C5105008FFE77 /* MainMenu.xib */ = {
			isa = PBXVariantGroup;
			children = (
				84584876193C5105008FFE77 /* Base */,
			);
			name = MainMenu.xib;
			sourceTree = "<group>";
		};
		84584887193C5105008FFE77 /* InfoPlist.strings */ = {
			isa = PBXVariantGroup;
			children = (
				84584888193C5105008FFE77 /* en */,
			);
			name = InfoPlist.strings;
			sourceTree = "<group>";
		};
/* End PBXVariantGroup section */

/* Begin XCBuildConfiguration section */
		8458488C193C5105008FFE77 /* Debug */ = {
			isa = XCBuildConfiguration;
			buildSettings = {
				ALWAYS_SEARCH_USER_PATHS = NO;
				CLANG_CXX_LANGUAGE_STANDARD = "gnu++0x";
				CLANG_CXX_LIBRARY = "libc++";
				CLANG_ENABLE_MODULES = YES;
				CLANG_ENABLE_OBJC_ARC = YES;
				CLANG_WARN_BOOL_CONVERSION = YES;
				CLANG_WARN_CONSTANT_CONVERSION = YES;
				CLANG_WARN_DIRECT_OBJC_ISA_USAGE = YES_ERROR;
				CLANG_WARN_EMPTY_BODY = YES;
				CLANG_WARN_ENUM_CONVERSION = YES;
				CLANG_WARN_INT_CONVERSION = YES;
				CLANG_WARN_OBJC_ROOT_CLASS = YES_ERROR;
				CLANG_WARN__DUPLICATE_METHOD_MATCH = YES;
				COPY_PHASE_STRIP = NO;
				GCC_C_LANGUAGE_STANDARD = gnu99;
				GCC_DYNAMIC_NO_PIC = NO;
				GCC_ENABLE_OBJC_EXCEPTIONS = YES;
				GCC_OPTIMIZATION_LEVEL = 0;
				GCC_PREPROCESSOR_DEFINITIONS = (
					"DEBUG=1",
					"$(inherited)",
				);
				GCC_SYMBOLS_PRIVATE_EXTERN = NO;
				GCC_WARN_64_TO_32_BIT_CONVERSION = YES;
				GCC_WARN_ABOUT_RETURN_TYPE = YES_ERROR;
				GCC_WARN_UNDECLARED_SELECTOR = YES;
				GCC_WARN_UNINITIALIZED_AUTOS = YES_AGGRESSIVE;
				GCC_WARN_UNUSED_FUNCTION = YES;
				GCC_WARN_UNUSED_VARIABLE = YES;
				MACOSX_DEPLOYMENT_TARGET = 10.9;
				ONLY_ACTIVE_ARCH = YES;
				SDKROOT = macosx;
			};
			name = Debug;
		};
		8458488D193C5105008FFE77 /* Release */ = {
			isa = XCBuildConfiguration;
			buildSettings = {
				ALWAYS_SEARCH_USER_PATHS = NO;
				CLANG_CXX_LANGUAGE_STANDARD = "gnu++0x";
				CLANG_CXX_LIBRARY = "libc++";
				CLANG_ENABLE_MODULES = YES;
				CLANG_ENABLE_OBJC_ARC = YES;
				CLANG_WARN_BOOL_CONVERSION = YES;
				CLANG_WARN_CONSTANT_CONVERSION = YES;
				CLANG_WARN_DIRECT_OBJC_ISA_USAGE = YES_ERROR;
				CLANG_WARN_EMPTY_BODY = YES;
				CLANG_WARN_ENUM_CONVERSION = YES;
				CLANG_WARN_INT_CONVERSION = YES;
				CLANG_WARN_OBJC_ROOT_CLASS = YES_ERROR;
				CLANG_WARN__DUPLICATE_METHOD_MATCH = YES;
				COPY_PHASE_STRIP = YES;
				DEBUG_INFORMATION_FORMAT = "dwarf-with-dsym";
				ENABLE_NS_ASSERTIONS = NO;
				GCC_C_LANGUAGE_STANDARD = gnu99;
				GCC_ENABLE_OBJC_EXCEPTIONS = YES;
				GCC_WARN_64_TO_32_BIT_CONVERSION = YES;
				GCC_WARN_ABOUT_RETURN_TYPE = YES_ERROR;
				GCC_WARN_UNDECLARED_SELECTOR = YES;
				GCC_WARN_UNINITIALIZED_AUTOS = YES_AGGRESSIVE;
				GCC_WARN_UNUSED_FUNCTION = YES;
				GCC_WARN_UNUSED_VARIABLE = YES;
				MACOSX_DEPLOYMENT_TARGET = 10.9;
				SDKROOT = macosx;
			};
			name = Release;
		};
		8458488F193C5105008FFE77 /* Debug */ = {
			isa = XCBuildConfiguration;
			buildSettings = {
				ASSETCATALOG_COMPILER_APPICON_NAME = AppIcon;
				COMBINE_HIDPI_IMAGES = YES;
				GCC_PRECOMPILE_PREFIX_HEADER = YES;
				GCC_PREFIX_HEADER = "Triangle/Triangle-Prefix.pch";
				HEADER_SEARCH_PATHS = (
					"$(inherited)",
					"/Applications/Xcode6-Beta.app/Contents/Developer/Toolchains/XcodeDefault.xctoolchain/usr/include",
					../../GLTools/cpp/include,
				);
				INFOPLIST_FILE = "Triangle/Triangle-Info.plist";
				PRODUCT_NAME = "$(TARGET_NAME)";
				WRAPPER_EXTENSION = app;
			};
			name = Debug;
		};
		84584890193C5105008FFE77 /* Release */ = {
			isa = XCBuildConfiguration;
			buildSettings = {
				ASSETCATALOG_COMPILER_APPICON_NAME = AppIcon;
				COMBINE_HIDPI_IMAGES = YES;
				GCC_PRECOMPILE_PREFIX_HEADER = YES;
				GCC_PREFIX_HEADER = "Triangle/Triangle-Prefix.pch";
				HEADER_SEARCH_PATHS = (
					"$(inherited)",
					"/Applications/Xcode6-Beta.app/Contents/Developer/Toolchains/XcodeDefault.xctoolchain/usr/include",
					../../GLTools/cpp/include,
				);
				INFOPLIST_FILE = "Triangle/Triangle-Info.plist";
				PRODUCT_NAME = "$(TARGET_NAME)";
				WRAPPER_EXTENSION = app;
			};
			name = Release;
		};
		84584892193C5105008FFE77 /* Debug */ = {
			isa = XCBuildConfiguration;
			buildSettings = {
				BUNDLE_LOADER = "$(BUILT_PRODUCTS_DIR)/Triangle.app/Contents/MacOS/Triangle";
				COMBINE_HIDPI_IMAGES = YES;
				FRAMEWORK_SEARCH_PATHS = (
					"$(DEVELOPER_FRAMEWORKS_DIR)",
					"$(inherited)",
				);
				GCC_PRECOMPILE_PREFIX_HEADER = YES;
				GCC_PREFIX_HEADER = "Triangle/Triangle-Prefix.pch";
				GCC_PREPROCESSOR_DEFINITIONS = (
					"DEBUG=1",
					"$(inherited)",
				);
				INFOPLIST_FILE = "TriangleTests/TriangleTests-Info.plist";
				PRODUCT_NAME = "$(TARGET_NAME)";
				TEST_HOST = "$(BUNDLE_LOADER)";
				WRAPPER_EXTENSION = xctest;
			};
			name = Debug;
		};
		84584893193C5105008FFE77 /* Release */ = {
			isa = XCBuildConfiguration;
			buildSettings = {
				BUNDLE_LOADER = "$(BUILT_PRODUCTS_DIR)/Triangle.app/Contents/MacOS/Triangle";
				COMBINE_HIDPI_IMAGES = YES;
				FRAMEWORK_SEARCH_PATHS = (
					"$(DEVELOPER_FRAMEWORKS_DIR)",
					"$(inherited)",
				);
				GCC_PRECOMPILE_PREFIX_HEADER = YES;
				GCC_PREFIX_HEADER = "Triangle/Triangle-Prefix.pch";
				INFOPLIST_FILE = "TriangleTests/TriangleTests-Info.plist";
				PRODUCT_NAME = "$(TARGET_NAME)";
				TEST_HOST = "$(BUNDLE_LOADER)";
				WRAPPER_EXTENSION = xctest;
			};
			name = Release;
		};
/* End XCBuildConfiguration section */

/* Begin XCConfigurationList section */
		84584858193C5105008FFE77 /* Build configuration list for PBXProject "Triangle" */ = {
			isa = XCConfigurationList;
			buildConfigurations = (
				8458488C193C5105008FFE77 /* Debug */,
				8458488D193C5105008FFE77 /* Release */,
			);
			defaultConfigurationIsVisible = 0;
			defaultConfigurationName = Release;
		};
		8458488E193C5105008FFE77 /* Build configuration list for PBXNativeTarget "Triangle" */ = {
			isa = XCConfigurationList;
			buildConfigurations = (
				8458488F193C5105008FFE77 /* Debug */,
				84584890193C5105008FFE77 /* Release */,
			);
			defaultConfigurationIsVisible = 0;
			defaultConfigurationName = Release;
		};
		84584891193C5105008FFE77 /* Build configuration list for PBXNativeTarget "TriangleTests" */ = {
			isa = XCConfigurationList;
			buildConfigurations = (
				84584892193C5105008FFE77 /* Debug */,
				84584893193C5105008FFE77 /* Release */,
			);
			defaultConfigurationIsVisible = 0;
			defaultConfigurationName = Release;
		};
/* End XCConfigurationList section */
	};
	rootObject = 84584855193C5105008FFE77 /* Project object */;
}
