// !$*UTF8*$!
{
	archiveVersion = 1;
	classes = {
	};
	objectVersion = 46;
	objects = {

/* Begin PBXBuildFile section */
		84C1E8B1194AB55500D7FF53 /* Cocoa.framework in Frameworks */ = {isa = PBXBuildFile; fileRef = 84C1E8B0194AB55500D7FF53 /* Cocoa.framework */; };
		84C1E8BB194AB55500D7FF53 /* InfoPlist.strings in Resources */ = {isa = PBXBuildFile; fileRef = 84C1E8B9194AB55500D7FF53 /* InfoPlist.strings */; };
		84C1E8BD194AB55500D7FF53 /* main.m in Sources */ = {isa = PBXBuildFile; fileRef = 84C1E8BC194AB55500D7FF53 /* main.m */; };
		84C1E8C1194AB55500D7FF53 /* Credits.rtf in Resources */ = {isa = PBXBuildFile; fileRef = 84C1E8BF194AB55500D7FF53 /* Credits.rtf */; };
		84C1E8C4194AB55500D7FF53 /* AppDelegate.m in Sources */ = {isa = PBXBuildFile; fileRef = 84C1E8C3194AB55500D7FF53 /* AppDelegate.m */; };
		84C1E8C7194AB55500D7FF53 /* MainMenu.xib in Resources */ = {isa = PBXBuildFile; fileRef = 84C1E8C5194AB55500D7FF53 /* MainMenu.xib */; };
		84C1E8C9194AB55500D7FF53 /* Images.xcassets in Resources */ = {isa = PBXBuildFile; fileRef = 84C1E8C8194AB55500D7FF53 /* Images.xcassets */; };
		84C1E8D0194AB55600D7FF53 /* XCTest.framework in Frameworks */ = {isa = PBXBuildFile; fileRef = 84C1E8CF194AB55600D7FF53 /* XCTest.framework */; };
		84C1E8D1194AB55600D7FF53 /* Cocoa.framework in Frameworks */ = {isa = PBXBuildFile; fileRef = 84C1E8B0194AB55500D7FF53 /* Cocoa.framework */; };
		84C1E8D9194AB55600D7FF53 /* InfoPlist.strings in Resources */ = {isa = PBXBuildFile; fileRef = 84C1E8D7194AB55600D7FF53 /* InfoPlist.strings */; };
		84C1E8DB194AB55600D7FF53 /* BounceTests.m in Sources */ = {isa = PBXBuildFile; fileRef = 84C1E8DA194AB55600D7FF53 /* BounceTests.m */; };
		84C1E8E6194AB57C00D7FF53 /* BounceView.mm in Sources */ = {isa = PBXBuildFile; fileRef = 84C1E8E5194AB57C00D7FF53 /* BounceView.mm */; };
		84C1E976194E459200D7FF53 /* OpenGL.framework in Frameworks */ = {isa = PBXBuildFile; fileRef = 84C1E975194E459200D7FF53 /* OpenGL.framework */; };
		84C1E978194E459700D7FF53 /* libc++abi.dylib in Frameworks */ = {isa = PBXBuildFile; fileRef = 84C1E977194E459700D7FF53 /* libc++abi.dylib */; };
		84C1E97A194E46E900D7FF53 /* CoreVideo.framework in Frameworks */ = {isa = PBXBuildFile; fileRef = 84C1E979194E46E900D7FF53 /* CoreVideo.framework */; };
		84C1E97B194E49F500D7FF53 /* libgltoolscpp.a in Frameworks */ = {isa = PBXBuildFile; fileRef = 84C1E96D194E441900D7FF53 /* libgltoolscpp.a */; };
/* End PBXBuildFile section */

/* Begin PBXContainerItemProxy section */
		84C1E8D2194AB55600D7FF53 /* PBXContainerItemProxy */ = {
			isa = PBXContainerItemProxy;
			containerPortal = 84C1E8A5194AB55500D7FF53 /* Project object */;
			proxyType = 1;
			remoteGlobalIDString = 84C1E8AC194AB55500D7FF53;
			remoteInfo = Bounce;
		};
		84C1E968194E441900D7FF53 /* PBXContainerItemProxy */ = {
			isa = PBXContainerItemProxy;
			containerPortal = 84C1E962194E441900D7FF53 /* GLTools.xcodeproj */;
			proxyType = 2;
			remoteGlobalIDString = 845847BA193B8EC5008FFE77;
			remoteInfo = GLTools;
		};
		84C1E96A194E441900D7FF53 /* PBXContainerItemProxy */ = {
			isa = PBXContainerItemProxy;
			containerPortal = 84C1E962194E441900D7FF53 /* GLTools.xcodeproj */;
			proxyType = 2;
			remoteGlobalIDString = 845847D1193B8EC5008FFE77;
			remoteInfo = GLToolsTests;
		};
		84C1E96C194E441900D7FF53 /* PBXContainerItemProxy */ = {
			isa = PBXContainerItemProxy;
			containerPortal = 84C1E962194E441900D7FF53 /* GLTools.xcodeproj */;
			proxyType = 2;
			remoteGlobalIDString = 84C8F7C0193D67F400911378;
			remoteInfo = gltoolscpp;
		};
		84C1E97C194E49FA00D7FF53 /* PBXContainerItemProxy */ = {
			isa = PBXContainerItemProxy;
			containerPortal = 84C1E962194E441900D7FF53 /* GLTools.xcodeproj */;
			proxyType = 1;
			remoteGlobalIDString = 84C8F7BF193D67F400911378;
			remoteInfo = gltoolscpp;
		};
/* End PBXContainerItemProxy section */

/* Begin PBXFileReference section */
		84C1E8AD194AB55500D7FF53 /* Bounce.app */ = {isa = PBXFileReference; explicitFileType = wrapper.application; includeInIndex = 0; path = Bounce.app; sourceTree = BUILT_PRODUCTS_DIR; };
		84C1E8B0194AB55500D7FF53 /* Cocoa.framework */ = {isa = PBXFileReference; lastKnownFileType = wrapper.framework; name = Cocoa.framework; path = System/Library/Frameworks/Cocoa.framework; sourceTree = SDKROOT; };
		84C1E8B3194AB55500D7FF53 /* AppKit.framework */ = {isa = PBXFileReference; lastKnownFileType = wrapper.framework; name = AppKit.framework; path = System/Library/Frameworks/AppKit.framework; sourceTree = SDKROOT; };
		84C1E8B4194AB55500D7FF53 /* CoreData.framework */ = {isa = PBXFileReference; lastKnownFileType = wrapper.framework; name = CoreData.framework; path = System/Library/Frameworks/CoreData.framework; sourceTree = SDKROOT; };
		84C1E8B5194AB55500D7FF53 /* Foundation.framework */ = {isa = PBXFileReference; lastKnownFileType = wrapper.framework; name = Foundation.framework; path = System/Library/Frameworks/Foundation.framework; sourceTree = SDKROOT; };
		84C1E8B8194AB55500D7FF53 /* Bounce-Info.plist */ = {isa = PBXFileReference; lastKnownFileType = text.plist.xml; path = "Bounce-Info.plist"; sourceTree = "<group>"; };
		84C1E8BA194AB55500D7FF53 /* en */ = {isa = PBXFileReference; lastKnownFileType = text.plist.strings; name = en; path = en.lproj/InfoPlist.strings; sourceTree = "<group>"; };
		84C1E8BC194AB55500D7FF53 /* main.m */ = {isa = PBXFileReference; lastKnownFileType = sourcecode.c.objc; path = main.m; sourceTree = "<group>"; };
		84C1E8BE194AB55500D7FF53 /* Bounce-Prefix.pch */ = {isa = PBXFileReference; lastKnownFileType = sourcecode.c.h; path = "Bounce-Prefix.pch"; sourceTree = "<group>"; };
		84C1E8C0194AB55500D7FF53 /* en */ = {isa = PBXFileReference; lastKnownFileType = text.rtf; name = en; path = en.lproj/Credits.rtf; sourceTree = "<group>"; };
		84C1E8C2194AB55500D7FF53 /* AppDelegate.h */ = {isa = PBXFileReference; lastKnownFileType = sourcecode.c.h; path = AppDelegate.h; sourceTree = "<group>"; };
		84C1E8C3194AB55500D7FF53 /* AppDelegate.m */ = {isa = PBXFileReference; lastKnownFileType = sourcecode.c.objc; path = AppDelegate.m; sourceTree = "<group>"; };
		84C1E8C6194AB55500D7FF53 /* Base */ = {isa = PBXFileReference; lastKnownFileType = file.xib; name = Base; path = Base.lproj/MainMenu.xib; sourceTree = "<group>"; };
		84C1E8C8194AB55500D7FF53 /* Images.xcassets */ = {isa = PBXFileReference; lastKnownFileType = folder.assetcatalog; path = Images.xcassets; sourceTree = "<group>"; };
		84C1E8CE194AB55600D7FF53 /* BounceTests.xctest */ = {isa = PBXFileReference; explicitFileType = wrapper.cfbundle; includeInIndex = 0; path = BounceTests.xctest; sourceTree = BUILT_PRODUCTS_DIR; };
		84C1E8CF194AB55600D7FF53 /* XCTest.framework */ = {isa = PBXFileReference; lastKnownFileType = wrapper.framework; name = XCTest.framework; path = Library/Frameworks/XCTest.framework; sourceTree = DEVELOPER_DIR; };
		84C1E8D6194AB55600D7FF53 /* BounceTests-Info.plist */ = {isa = PBXFileReference; lastKnownFileType = text.plist.xml; path = "BounceTests-Info.plist"; sourceTree = "<group>"; };
		84C1E8D8194AB55600D7FF53 /* en */ = {isa = PBXFileReference; lastKnownFileType = text.plist.strings; name = en; path = en.lproj/InfoPlist.strings; sourceTree = "<group>"; };
		84C1E8DA194AB55600D7FF53 /* BounceTests.m */ = {isa = PBXFileReference; lastKnownFileType = sourcecode.c.objc; path = BounceTests.m; sourceTree = "<group>"; };
		84C1E8E4194AB57C00D7FF53 /* BounceView.h */ = {isa = PBXFileReference; fileEncoding = 4; lastKnownFileType = sourcecode.c.h; path = BounceView.h; sourceTree = "<group>"; };
		84C1E8E5194AB57C00D7FF53 /* BounceView.mm */ = {isa = PBXFileReference; fileEncoding = 4; lastKnownFileType = sourcecode.cpp.objcpp; path = BounceView.mm; sourceTree = "<group>"; };
		84C1E8E7194AB59100D7FF53 /* Bounce.cpp */ = {isa = PBXFileReference; lastKnownFileType = sourcecode.cpp.cpp; path = Bounce.cpp; sourceTree = "<group>"; };
		84C1E962194E441900D7FF53 /* GLTools.xcodeproj */ = {isa = PBXFileReference; lastKnownFileType = "wrapper.pb-project"; name = GLTools.xcodeproj; path = ../../GLTools/GLTools.xcodeproj; sourceTree = "<group>"; };
		84C1E975194E459200D7FF53 /* OpenGL.framework */ = {isa = PBXFileReference; lastKnownFileType = wrapper.framework; name = OpenGL.framework; path = System/Library/Frameworks/OpenGL.framework; sourceTree = SDKROOT; };
		84C1E977194E459700D7FF53 /* libc++abi.dylib */ = {isa = PBXFileReference; lastKnownFileType = "compiled.mach-o.dylib"; name = "libc++abi.dylib"; path = "usr/lib/libc++abi.dylib"; sourceTree = SDKROOT; };
		84C1E979194E46E900D7FF53 /* CoreVideo.framework */ = {isa = PBXFileReference; lastKnownFileType = wrapper.framework; name = CoreVideo.framework; path = System/Library/Frameworks/CoreVideo.framework; sourceTree = SDKROOT; };
/* End PBXFileReference section */

/* Begin PBXFrameworksBuildPhase section */
		84C1E8AA194AB55500D7FF53 /* Frameworks */ = {
			isa = PBXFrameworksBuildPhase;
			buildActionMask = 2147483647;
			files = (
				84C1E97B194E49F500D7FF53 /* libgltoolscpp.a in Frameworks */,
				84C1E97A194E46E900D7FF53 /* CoreVideo.framework in Frameworks */,
				84C1E978194E459700D7FF53 /* libc++abi.dylib in Frameworks */,
				84C1E976194E459200D7FF53 /* OpenGL.framework in Frameworks */,
				84C1E8B1194AB55500D7FF53 /* Cocoa.framework in Frameworks */,
			);
			runOnlyForDeploymentPostprocessing = 0;
		};
		84C1E8CB194AB55600D7FF53 /* Frameworks */ = {
			isa = PBXFrameworksBuildPhase;
			buildActionMask = 2147483647;
			files = (
				84C1E8D1194AB55600D7FF53 /* Cocoa.framework in Frameworks */,
				84C1E8D0194AB55600D7FF53 /* XCTest.framework in Frameworks */,
			);
			runOnlyForDeploymentPostprocessing = 0;
		};
/* End PBXFrameworksBuildPhase section */

/* Begin PBXGroup section */
		84C1E8A4194AB55500D7FF53 = {
			isa = PBXGroup;
			children = (
				84C1E8E8194AB59500D7FF53 /* original */,
				84C1E8B6194AB55500D7FF53 /* Bounce */,
				84C1E8D4194AB55600D7FF53 /* BounceTests */,
				84C1E8AF194AB55500D7FF53 /* Frameworks */,
				84C1E8AE194AB55500D7FF53 /* Products */,
				84C1E962194E441900D7FF53 /* GLTools.xcodeproj */,
			);
			sourceTree = "<group>";
		};
		84C1E8AE194AB55500D7FF53 /* Products */ = {
			isa = PBXGroup;
			children = (
				84C1E8AD194AB55500D7FF53 /* Bounce.app */,
				84C1E8CE194AB55600D7FF53 /* BounceTests.xctest */,
			);
			name = Products;
			sourceTree = "<group>";
		};
		84C1E8AF194AB55500D7FF53 /* Frameworks */ = {
			isa = PBXGroup;
			children = (
				84C1E979194E46E900D7FF53 /* CoreVideo.framework */,
				84C1E977194E459700D7FF53 /* libc++abi.dylib */,
				84C1E975194E459200D7FF53 /* OpenGL.framework */,
				84C1E8B0194AB55500D7FF53 /* Cocoa.framework */,
				84C1E8CF194AB55600D7FF53 /* XCTest.framework */,
				84C1E8B2194AB55500D7FF53 /* Other Frameworks */,
			);
			name = Frameworks;
			sourceTree = "<group>";
		};
		84C1E8B2194AB55500D7FF53 /* Other Frameworks */ = {
			isa = PBXGroup;
			children = (
				84C1E8B3194AB55500D7FF53 /* AppKit.framework */,
				84C1E8B4194AB55500D7FF53 /* CoreData.framework */,
				84C1E8B5194AB55500D7FF53 /* Foundation.framework */,
			);
			name = "Other Frameworks";
			sourceTree = "<group>";
		};
		84C1E8B6194AB55500D7FF53 /* Bounce */ = {
			isa = PBXGroup;
			children = (
				84C1E8C2194AB55500D7FF53 /* AppDelegate.h */,
				84C1E8C3194AB55500D7FF53 /* AppDelegate.m */,
				84C1E8C5194AB55500D7FF53 /* MainMenu.xib */,
				84C1E8C8194AB55500D7FF53 /* Images.xcassets */,
				84C1E8B7194AB55500D7FF53 /* Supporting Files */,
				84C1E8E4194AB57C00D7FF53 /* BounceView.h */,
				84C1E8E5194AB57C00D7FF53 /* BounceView.mm */,
			);
			path = Bounce;
			sourceTree = "<group>";
		};
		84C1E8B7194AB55500D7FF53 /* Supporting Files */ = {
			isa = PBXGroup;
			children = (
				84C1E8B8194AB55500D7FF53 /* Bounce-Info.plist */,
				84C1E8B9194AB55500D7FF53 /* InfoPlist.strings */,
				84C1E8BC194AB55500D7FF53 /* main.m */,
				84C1E8BE194AB55500D7FF53 /* Bounce-Prefix.pch */,
				84C1E8BF194AB55500D7FF53 /* Credits.rtf */,
			);
			name = "Supporting Files";
			sourceTree = "<group>";
		};
		84C1E8D4194AB55600D7FF53 /* BounceTests */ = {
			isa = PBXGroup;
			children = (
				84C1E8DA194AB55600D7FF53 /* BounceTests.m */,
				84C1E8D5194AB55600D7FF53 /* Supporting Files */,
			);
			path = BounceTests;
			sourceTree = "<group>";
		};
		84C1E8D5194AB55600D7FF53 /* Supporting Files */ = {
			isa = PBXGroup;
			children = (
				84C1E8D6194AB55600D7FF53 /* BounceTests-Info.plist */,
				84C1E8D7194AB55600D7FF53 /* InfoPlist.strings */,
			);
			name = "Supporting Files";
			sourceTree = "<group>";
		};
		84C1E8E8194AB59500D7FF53 /* original */ = {
			isa = PBXGroup;
			children = (
				84C1E8E7194AB59100D7FF53 /* Bounce.cpp */,
			);
			name = original;
			sourceTree = "<group>";
		};
		84C1E963194E441900D7FF53 /* Products */ = {
			isa = PBXGroup;
			children = (
				84C1E969194E441900D7FF53 /* GLTools.framework */,
				84C1E96B194E441900D7FF53 /* GLToolsTests.xctest */,
				84C1E96D194E441900D7FF53 /* libgltoolscpp.a */,
			);
			name = Products;
			sourceTree = "<group>";
		};
/* End PBXGroup section */

/* Begin PBXNativeTarget section */
		84C1E8AC194AB55500D7FF53 /* Bounce */ = {
			isa = PBXNativeTarget;
			buildConfigurationList = 84C1E8DE194AB55600D7FF53 /* Build configuration list for PBXNativeTarget "Bounce" */;
			buildPhases = (
				84C1E8A9194AB55500D7FF53 /* Sources */,
				84C1E8AA194AB55500D7FF53 /* Frameworks */,
				84C1E8AB194AB55500D7FF53 /* Resources */,
			);
			buildRules = (
			);
			dependencies = (
				84C1E97D194E49FA00D7FF53 /* PBXTargetDependency */,
			);
			name = Bounce;
			productName = Bounce;
			productReference = 84C1E8AD194AB55500D7FF53 /* Bounce.app */;
			productType = "com.apple.product-type.application";
		};
		84C1E8CD194AB55600D7FF53 /* BounceTests */ = {
			isa = PBXNativeTarget;
			buildConfigurationList = 84C1E8E1194AB55600D7FF53 /* Build configuration list for PBXNativeTarget "BounceTests" */;
			buildPhases = (
				84C1E8CA194AB55600D7FF53 /* Sources */,
				84C1E8CB194AB55600D7FF53 /* Frameworks */,
				84C1E8CC194AB55600D7FF53 /* Resources */,
			);
			buildRules = (
			);
			dependencies = (
				84C1E8D3194AB55600D7FF53 /* PBXTargetDependency */,
			);
			name = BounceTests;
			productName = BounceTests;
			productReference = 84C1E8CE194AB55600D7FF53 /* BounceTests.xctest */;
			productType = "com.apple.product-type.bundle.unit-test";
		};
/* End PBXNativeTarget section */

/* Begin PBXProject section */
		84C1E8A5194AB55500D7FF53 /* Project object */ = {
			isa = PBXProject;
			attributes = {
				LastUpgradeCheck = 0510;
				ORGANIZATIONNAME = GLSuperBible;
				TargetAttributes = {
					84C1E8CD194AB55600D7FF53 = {
						TestTargetID = 84C1E8AC194AB55500D7FF53;
					};
				};
			};
			buildConfigurationList = 84C1E8A8194AB55500D7FF53 /* Build configuration list for PBXProject "Bounce" */;
			compatibilityVersion = "Xcode 3.2";
			developmentRegion = English;
			hasScannedForEncodings = 0;
			knownRegions = (
				en,
				Base,
			);
			mainGroup = 84C1E8A4194AB55500D7FF53;
			productRefGroup = 84C1E8AE194AB55500D7FF53 /* Products */;
			projectDirPath = "";
			projectReferences = (
				{
					ProductGroup = 84C1E963194E441900D7FF53 /* Products */;
					ProjectRef = 84C1E962194E441900D7FF53 /* GLTools.xcodeproj */;
				},
			);
			projectRoot = "";
			targets = (
				84C1E8AC194AB55500D7FF53 /* Bounce */,
				84C1E8CD194AB55600D7FF53 /* BounceTests */,
			);
		};
/* End PBXProject section */

/* Begin PBXReferenceProxy section */
		84C1E969194E441900D7FF53 /* GLTools.framework */ = {
			isa = PBXReferenceProxy;
			fileType = wrapper.framework;
			path = GLTools.framework;
			remoteRef = 84C1E968194E441900D7FF53 /* PBXContainerItemProxy */;
			sourceTree = BUILT_PRODUCTS_DIR;
		};
		84C1E96B194E441900D7FF53 /* GLToolsTests.xctest */ = {
			isa = PBXReferenceProxy;
			fileType = wrapper.cfbundle;
			path = GLToolsTests.xctest;
			remoteRef = 84C1E96A194E441900D7FF53 /* PBXContainerItemProxy */;
			sourceTree = BUILT_PRODUCTS_DIR;
		};
		84C1E96D194E441900D7FF53 /* libgltoolscpp.a */ = {
			isa = PBXReferenceProxy;
			fileType = archive.ar;
			path = libgltoolscpp.a;
			remoteRef = 84C1E96C194E441900D7FF53 /* PBXContainerItemProxy */;
			sourceTree = BUILT_PRODUCTS_DIR;
		};
/* End PBXReferenceProxy section */

/* Begin PBXResourcesBuildPhase section */
		84C1E8AB194AB55500D7FF53 /* Resources */ = {
			isa = PBXResourcesBuildPhase;
			buildActionMask = 2147483647;
			files = (
				84C1E8BB194AB55500D7FF53 /* InfoPlist.strings in Resources */,
				84C1E8C9194AB55500D7FF53 /* Images.xcassets in Resources */,
				84C1E8C1194AB55500D7FF53 /* Credits.rtf in Resources */,
				84C1E8C7194AB55500D7FF53 /* MainMenu.xib in Resources */,
			);
			runOnlyForDeploymentPostprocessing = 0;
		};
		84C1E8CC194AB55600D7FF53 /* Resources */ = {
			isa = PBXResourcesBuildPhase;
			buildActionMask = 2147483647;
			files = (
				84C1E8D9194AB55600D7FF53 /* InfoPlist.strings in Resources */,
			);
			runOnlyForDeploymentPostprocessing = 0;
		};
/* End PBXResourcesBuildPhase section */

/* Begin PBXSourcesBuildPhase section */
		84C1E8A9194AB55500D7FF53 /* Sources */ = {
			isa = PBXSourcesBuildPhase;
			buildActionMask = 2147483647;
			files = (
				84C1E8E6194AB57C00D7FF53 /* BounceView.mm in Sources */,
				84C1E8C4194AB55500D7FF53 /* AppDelegate.m in Sources */,
				84C1E8BD194AB55500D7FF53 /* main.m in Sources */,
			);
			runOnlyForDeploymentPostprocessing = 0;
		};
		84C1E8CA194AB55600D7FF53 /* Sources */ = {
			isa = PBXSourcesBuildPhase;
			buildActionMask = 2147483647;
			files = (
				84C1E8DB194AB55600D7FF53 /* BounceTests.m in Sources */,
			);
			runOnlyForDeploymentPostprocessing = 0;
		};
/* End PBXSourcesBuildPhase section */

/* Begin PBXTargetDependency section */
		84C1E8D3194AB55600D7FF53 /* PBXTargetDependency */ = {
			isa = PBXTargetDependency;
			target = 84C1E8AC194AB55500D7FF53 /* Bounce */;
			targetProxy = 84C1E8D2194AB55600D7FF53 /* PBXContainerItemProxy */;
		};
		84C1E97D194E49FA00D7FF53 /* PBXTargetDependency */ = {
			isa = PBXTargetDependency;
			name = gltoolscpp;
			targetProxy = 84C1E97C194E49FA00D7FF53 /* PBXContainerItemProxy */;
		};
/* End PBXTargetDependency section */

/* Begin PBXVariantGroup section */
		84C1E8B9194AB55500D7FF53 /* InfoPlist.strings */ = {
			isa = PBXVariantGroup;
			children = (
				84C1E8BA194AB55500D7FF53 /* en */,
			);
			name = InfoPlist.strings;
			sourceTree = "<group>";
		};
		84C1E8BF194AB55500D7FF53 /* Credits.rtf */ = {
			isa = PBXVariantGroup;
			children = (
				84C1E8C0194AB55500D7FF53 /* en */,
			);
			name = Credits.rtf;
			sourceTree = "<group>";
		};
		84C1E8C5194AB55500D7FF53 /* MainMenu.xib */ = {
			isa = PBXVariantGroup;
			children = (
				84C1E8C6194AB55500D7FF53 /* Base */,
			);
			name = MainMenu.xib;
			sourceTree = "<group>";
		};
		84C1E8D7194AB55600D7FF53 /* InfoPlist.strings */ = {
			isa = PBXVariantGroup;
			children = (
				84C1E8D8194AB55600D7FF53 /* en */,
			);
			name = InfoPlist.strings;
			sourceTree = "<group>";
		};
/* End PBXVariantGroup section */

/* Begin XCBuildConfiguration section */
		84C1E8DC194AB55600D7FF53 /* Debug */ = {
			isa = XCBuildConfiguration;
			buildSettings = {
				ALWAYS_SEARCH_USER_PATHS = NO;
				CLANG_CXX_LANGUAGE_STANDARD = "gnu++0x";
				CLANG_CXX_LIBRARY = "libc++";
				CLANG_ENABLE_MODULES = YES;
				CLANG_ENABLE_OBJC_ARC = YES;
				CLANG_WARN_BOOL_CONVERSION = YES;
				CLANG_WARN_CONSTANT_CONVERSION = YES;
				CLANG_WARN_DIRECT_OBJC_ISA_USAGE = YES_ERROR;
				CLANG_WARN_EMPTY_BODY = YES;
				CLANG_WARN_ENUM_CONVERSION = YES;
				CLANG_WARN_INT_CONVERSION = YES;
				CLANG_WARN_OBJC_ROOT_CLASS = YES_ERROR;
				CLANG_WARN__DUPLICATE_METHOD_MATCH = YES;
				COPY_PHASE_STRIP = NO;
				GCC_C_LANGUAGE_STANDARD = gnu99;
				GCC_DYNAMIC_NO_PIC = NO;
				GCC_ENABLE_OBJC_EXCEPTIONS = YES;
				GCC_OPTIMIZATION_LEVEL = 0;
				GCC_PREPROCESSOR_DEFINITIONS = (
					"DEBUG=1",
					"$(inherited)",
				);
				GCC_SYMBOLS_PRIVATE_EXTERN = NO;
				GCC_WARN_64_TO_32_BIT_CONVERSION = YES;
				GCC_WARN_ABOUT_RETURN_TYPE = YES_ERROR;
				GCC_WARN_UNDECLARED_SELECTOR = YES;
				GCC_WARN_UNINITIALIZED_AUTOS = YES_AGGRESSIVE;
				GCC_WARN_UNUSED_FUNCTION = YES;
				GCC_WARN_UNUSED_VARIABLE = YES;
				MACOSX_DEPLOYMENT_TARGET = 10.9;
				ONLY_ACTIVE_ARCH = YES;
				SDKROOT = macosx;
			};
			name = Debug;
		};
		84C1E8DD194AB55600D7FF53 /* Release */ = {
			isa = XCBuildConfiguration;
			buildSettings = {
				ALWAYS_SEARCH_USER_PATHS = NO;
				CLANG_CXX_LANGUAGE_STANDARD = "gnu++0x";
				CLANG_CXX_LIBRARY = "libc++";
				CLANG_ENABLE_MODULES = YES;
				CLANG_ENABLE_OBJC_ARC = YES;
				CLANG_WARN_BOOL_CONVERSION = YES;
				CLANG_WARN_CONSTANT_CONVERSION = YES;
				CLANG_WARN_DIRECT_OBJC_ISA_USAGE = YES_ERROR;
				CLANG_WARN_EMPTY_BODY = YES;
				CLANG_WARN_ENUM_CONVERSION = YES;
				CLANG_WARN_INT_CONVERSION = YES;
				CLANG_WARN_OBJC_ROOT_CLASS = YES_ERROR;
				CLANG_WARN__DUPLICATE_METHOD_MATCH = YES;
				COPY_PHASE_STRIP = YES;
				DEBUG_INFORMATION_FORMAT = "dwarf-with-dsym";
				ENABLE_NS_ASSERTIONS = NO;
				GCC_C_LANGUAGE_STANDARD = gnu99;
				GCC_ENABLE_OBJC_EXCEPTIONS = YES;
				GCC_WARN_64_TO_32_BIT_CONVERSION = YES;
				GCC_WARN_ABOUT_RETURN_TYPE = YES_ERROR;
				GCC_WARN_UNDECLARED_SELECTOR = YES;
				GCC_WARN_UNINITIALIZED_AUTOS = YES_AGGRESSIVE;
				GCC_WARN_UNUSED_FUNCTION = YES;
				GCC_WARN_UNUSED_VARIABLE = YES;
				MACOSX_DEPLOYMENT_TARGET = 10.9;
				SDKROOT = macosx;
			};
			name = Release;
		};
		84C1E8DF194AB55600D7FF53 /* Debug */ = {
			isa = XCBuildConfiguration;
			buildSettings = {
				ASSETCATALOG_COMPILER_APPICON_NAME = AppIcon;
				COMBINE_HIDPI_IMAGES = YES;
				GCC_PRECOMPILE_PREFIX_HEADER = YES;
				GCC_PREFIX_HEADER = "Bounce/Bounce-Prefix.pch";
				HEADER_SEARCH_PATHS = (
					"$(inherited)",
					/Applications/Xcode.app/Contents/Developer/Toolchains/XcodeDefault.xctoolchain/usr/include,
					../../GLTools/cpp/include,
				);
				INFOPLIST_FILE = "Bounce/Bounce-Info.plist";
				PRODUCT_NAME = "$(TARGET_NAME)";
				WRAPPER_EXTENSION = app;
			};
			name = Debug;
		};
		84C1E8E0194AB55600D7FF53 /* Release */ = {
			isa = XCBuildConfiguration;
			buildSettings = {
				ASSETCATALOG_COMPILER_APPICON_NAME = AppIcon;
				COMBINE_HIDPI_IMAGES = YES;
				GCC_PRECOMPILE_PREFIX_HEADER = YES;
				GCC_PREFIX_HEADER = "Bounce/Bounce-Prefix.pch";
				HEADER_SEARCH_PATHS = (
					"$(inherited)",
					/Applications/Xcode.app/Contents/Developer/Toolchains/XcodeDefault.xctoolchain/usr/include,
					../../GLTools/cpp/include,
				);
				INFOPLIST_FILE = "Bounce/Bounce-Info.plist";
				PRODUCT_NAME = "$(TARGET_NAME)";
				WRAPPER_EXTENSION = app;
			};
			name = Release;
		};
		84C1E8E2194AB55600D7FF53 /* Debug */ = {
			isa = XCBuildConfiguration;
			buildSettings = {
				BUNDLE_LOADER = "$(BUILT_PRODUCTS_DIR)/Bounce.app/Contents/MacOS/Bounce";
				COMBINE_HIDPI_IMAGES = YES;
				FRAMEWORK_SEARCH_PATHS = (
					"$(DEVELOPER_FRAMEWORKS_DIR)",
					"$(inherited)",
				);
				GCC_PRECOMPILE_PREFIX_HEADER = YES;
				GCC_PREFIX_HEADER = "Bounce/Bounce-Prefix.pch";
				GCC_PREPROCESSOR_DEFINITIONS = (
					"DEBUG=1",
					"$(inherited)",
				);
				INFOPLIST_FILE = "BounceTests/BounceTests-Info.plist";
				PRODUCT_NAME = "$(TARGET_NAME)";
				TEST_HOST = "$(BUNDLE_LOADER)";
				WRAPPER_EXTENSION = xctest;
			};
			name = Debug;
		};
		84C1E8E3194AB55600D7FF53 /* Release */ = {
			isa = XCBuildConfiguration;
			buildSettings = {
				BUNDLE_LOADER = "$(BUILT_PRODUCTS_DIR)/Bounce.app/Contents/MacOS/Bounce";
				COMBINE_HIDPI_IMAGES = YES;
				FRAMEWORK_SEARCH_PATHS = (
					"$(DEVELOPER_FRAMEWORKS_DIR)",
					"$(inherited)",
				);
				GCC_PRECOMPILE_PREFIX_HEADER = YES;
				GCC_PREFIX_HEADER = "Bounce/Bounce-Prefix.pch";
				INFOPLIST_FILE = "BounceTests/BounceTests-Info.plist";
				PRODUCT_NAME = "$(TARGET_NAME)";
				TEST_HOST = "$(BUNDLE_LOADER)";
				WRAPPER_EXTENSION = xctest;
			};
			name = Release;
		};
/* End XCBuildConfiguration section */

/* Begin XCConfigurationList section */
		84C1E8A8194AB55500D7FF53 /* Build configuration list for PBXProject "Bounce" */ = {
			isa = XCConfigurationList;
			buildConfigurations = (
				84C1E8DC194AB55600D7FF53 /* Debug */,
				84C1E8DD194AB55600D7FF53 /* Release */,
			);
			defaultConfigurationIsVisible = 0;
			defaultConfigurationName = Release;
		};
		84C1E8DE194AB55600D7FF53 /* Build configuration list for PBXNativeTarget "Bounce" */ = {
			isa = XCConfigurationList;
			buildConfigurations = (
				84C1E8DF194AB55600D7FF53 /* Debug */,
				84C1E8E0194AB55600D7FF53 /* Release */,
			);
			defaultConfigurationIsVisible = 0;
			defaultConfigurationName = Release;
		};
		84C1E8E1194AB55600D7FF53 /* Build configuration list for PBXNativeTarget "BounceTests" */ = {
			isa = XCConfigurationList;
			buildConfigurations = (
				84C1E8E2194AB55600D7FF53 /* Debug */,
				84C1E8E3194AB55600D7FF53 /* Release */,
			);
			defaultConfigurationIsVisible = 0;
			defaultConfigurationName = Release;
		};
/* End XCConfigurationList section */
	};
	rootObject = 84C1E8A5194AB55500D7FF53 /* Project object */;
}
